// !$*UTF8*$!
{
	archiveVersion = 1;
	classes = {
	};
	objectVersion = 48;
	objects = {

/* Begin PBXBuildFile section */
		18EC320B7FEADEEF849615D6 /* Pods_Shahre_ManUITests.framework in Frameworks */ = {isa = PBXBuildFile; fileRef = D03C88B8047F85A5591E6564 /* Pods_Shahre_ManUITests.framework */; };
		5ED8F23257D4556200D2098E /* Pods_Shahre_ManTests.framework in Frameworks */ = {isa = PBXBuildFile; fileRef = 4C63C60CB75090AC9A619481 /* Pods_Shahre_ManTests.framework */; };
		7E05F04A202D983B00BDFBA5 /* AppDelegate.swift in Sources */ = {isa = PBXBuildFile; fileRef = 7E05F049202D983B00BDFBA5 /* AppDelegate.swift */; };
		7E05F04C202D983B00BDFBA5 /* SplashViewController.swift in Sources */ = {isa = PBXBuildFile; fileRef = 7E05F04B202D983B00BDFBA5 /* SplashViewController.swift */; };
		7E05F04F202D983B00BDFBA5 /* Main.storyboard in Resources */ = {isa = PBXBuildFile; fileRef = 7E05F04D202D983B00BDFBA5 /* Main.storyboard */; };
		7E05F051202D983B00BDFBA5 /* Assets.xcassets in Resources */ = {isa = PBXBuildFile; fileRef = 7E05F050202D983B00BDFBA5 /* Assets.xcassets */; };
		7E05F05F202D983B00BDFBA5 /* Shahre_ManTests.swift in Sources */ = {isa = PBXBuildFile; fileRef = 7E05F05E202D983B00BDFBA5 /* Shahre_ManTests.swift */; };
		7E05F06A202D983B00BDFBA5 /* Shahre_ManUITests.swift in Sources */ = {isa = PBXBuildFile; fileRef = 7E05F069202D983B00BDFBA5 /* Shahre_ManUITests.swift */; };
		7E0775FE202EE46100427607 /* PagerCell.swift in Sources */ = {isa = PBXBuildFile; fileRef = 7E0775FD202EE46100427607 /* PagerCell.swift */; };
		7E077602202EE4D900427607 /* PagerCell.xib in Resources */ = {isa = PBXBuildFile; fileRef = 7E077601202EE4D900427607 /* PagerCell.xib */; };
		7E077604202F0D2300427607 /* ContactUsViewController.swift in Sources */ = {isa = PBXBuildFile; fileRef = 7E077603202F0D2300427607 /* ContactUsViewController.swift */; };
		7E077606202F25D800427607 /* ContactController.swift in Sources */ = {isa = PBXBuildFile; fileRef = 7E077605202F25D800427607 /* ContactController.swift */; };
		7E077608202F8ADF00427607 /* AccountTabViewController.swift in Sources */ = {isa = PBXBuildFile; fileRef = 7E077607202F8ADF00427607 /* AccountTabViewController.swift */; };
		7E07760B202F980800427607 /* AuthController.swift in Sources */ = {isa = PBXBuildFile; fileRef = 7E07760A202F980800427607 /* AuthController.swift */; };
		7E07760D202F994F00427607 /* AuthCallback.swift in Sources */ = {isa = PBXBuildFile; fileRef = 7E07760C202F994F00427607 /* AuthCallback.swift */; };
		7E171E0E203DC31000A4F2D0 /* UIPrettyButton.swift in Sources */ = {isa = PBXBuildFile; fileRef = 7E171E0D203DC31000A4F2D0 /* UIPrettyButton.swift */; };
		7E171E10203DC3C300A4F2D0 /* UIPrettyButton.xib in Resources */ = {isa = PBXBuildFile; fileRef = 7E171E0F203DC3C300A4F2D0 /* UIPrettyButton.xib */; };
		7E171E14203DE1E600A4F2D0 /* ItemMenu.swift in Sources */ = {isa = PBXBuildFile; fileRef = 7E171E13203DE1E600A4F2D0 /* ItemMenu.swift */; };
		7E171E16203DE33C00A4F2D0 /* MenuCell.swift in Sources */ = {isa = PBXBuildFile; fileRef = 7E171E15203DE33C00A4F2D0 /* MenuCell.swift */; };
		7E171E23203E05E700A4F2D0 /* sansBold.ttf in Resources */ = {isa = PBXBuildFile; fileRef = 7E171E20203E05E700A4F2D0 /* sansBold.ttf */; };
		7E171E24203E05E700A4F2D0 /* sansLight.ttf in Resources */ = {isa = PBXBuildFile; fileRef = 7E171E21203E05E700A4F2D0 /* sansLight.ttf */; };
		7E171E25203E05E700A4F2D0 /* sansULight.ttf in Resources */ = {isa = PBXBuildFile; fileRef = 7E171E22203E05E700A4F2D0 /* sansULight.ttf */; };
		7E428CC2203490EE007CED56 /* Plan.swift in Sources */ = {isa = PBXBuildFile; fileRef = 7E428CC1203490ED007CED56 /* Plan.swift */; };
		7E428CC620349420007CED56 /* BuisinessController.swift in Sources */ = {isa = PBXBuildFile; fileRef = 7E428CC520349420007CED56 /* BuisinessController.swift */; };
		7E428CC820349438007CED56 /* BuisinessCallback.swift in Sources */ = {isa = PBXBuildFile; fileRef = 7E428CC720349438007CED56 /* BuisinessCallback.swift */; };
		7E428CCA20349ECA007CED56 /* Profile.swift in Sources */ = {isa = PBXBuildFile; fileRef = 7E428CC920349ECA007CED56 /* Profile.swift */; };
		7E615684202DFCCD00E60611 /* Modal.storyboard in Resources */ = {isa = PBXBuildFile; fileRef = 7E615683202DFCCD00E60611 /* Modal.storyboard */; };
		7E615686202E03BB00E60611 /* DashboardViewController.swift in Sources */ = {isa = PBXBuildFile; fileRef = 7E615685202E03BB00E60611 /* DashboardViewController.swift */; };
		7E615689202E2A9700E60611 /* SearchTabViewController.swift in Sources */ = {isa = PBXBuildFile; fileRef = 7E615688202E2A9700E60611 /* SearchTabViewController.swift */; };
		7E61568B202E2F6B00E60611 /* HomeTabViewController copy.swift in Sources */ = {isa = PBXBuildFile; fileRef = 7E61568A202E2F6A00E60611 /* HomeTabViewController copy.swift */; };
		7E61568D202E414B00E60611 /* DataResource.swift in Sources */ = {isa = PBXBuildFile; fileRef = 7E61568C202E414B00E60611 /* DataResource.swift */; };
		7E61568F202E43E200E60611 /* Storage.swift in Sources */ = {isa = PBXBuildFile; fileRef = 7E61568E202E43E200E60611 /* Storage.swift */; };
		7E615698202E533600E60611 /* UICircleImageView.swift in Sources */ = {isa = PBXBuildFile; fileRef = 7E615697202E533600E60611 /* UICircleImageView.swift */; };
		7E61569A202E56C600E60611 /* DataCell.swift in Sources */ = {isa = PBXBuildFile; fileRef = 7E615699202E56C600E60611 /* DataCell.swift */; };
		7E7B4E57202D99D100FA280D /* RequestCallback.swift in Sources */ = {isa = PBXBuildFile; fileRef = 7E7B4E55202D99D000FA280D /* RequestCallback.swift */; };
		7E7B4E58202D99D100FA280D /* Request.swift in Sources */ = {isa = PBXBuildFile; fileRef = 7E7B4E56202D99D000FA280D /* Request.swift */; };
		7E7B4E5A202D99FC00FA280D /* Model.swift in Sources */ = {isa = PBXBuildFile; fileRef = 7E7B4E59202D99FC00FA280D /* Model.swift */; };
		7E7B4E5C202D9AA700FA280D /* Data.swift in Sources */ = {isa = PBXBuildFile; fileRef = 7E7B4E5B202D9AA700FA280D /* Data.swift */; };
		7E7B4E5E202D9E9800FA280D /* City.swift in Sources */ = {isa = PBXBuildFile; fileRef = 7E7B4E5D202D9E9800FA280D /* City.swift */; };
		7E7B4E60202DA09800FA280D /* Slider.swift in Sources */ = {isa = PBXBuildFile; fileRef = 7E7B4E5F202DA09800FA280D /* Slider.swift */; };
		7E7B4E62202DAA0200FA280D /* Controller.swift in Sources */ = {isa = PBXBuildFile; fileRef = 7E7B4E61202DAA0200FA280D /* Controller.swift */; };
		7E7B4E64202DAA4500FA280D /* APIs.swift in Sources */ = {isa = PBXBuildFile; fileRef = 7E7B4E63202DAA4500FA280D /* APIs.swift */; };
		7E7B4E66202DAB6500FA280D /* InitializeController.swift in Sources */ = {isa = PBXBuildFile; fileRef = 7E7B4E65202DAB6500FA280D /* InitializeController.swift */; };
		7E7B4E68202DAF2500FA280D /* InitializeCallback.swift in Sources */ = {isa = PBXBuildFile; fileRef = 7E7B4E67202DAF2500FA280D /* InitializeCallback.swift */; };
		7E810BBC203F497800358E69 /* PlansCell.swift in Sources */ = {isa = PBXBuildFile; fileRef = 7E810BBB203F497800358E69 /* PlansCell.swift */; };
		7E810BBE203F4B6100358E69 /* PlanCell.xib in Resources */ = {isa = PBXBuildFile; fileRef = 7E810BBD203F4B6100358E69 /* PlanCell.xib */; };
		7E810BC0203F4DDA00358E69 /* PlansViewController.swift in Sources */ = {isa = PBXBuildFile; fileRef = 7E810BBF203F4DDA00358E69 /* PlansViewController.swift */; };
		7E810BC4203FEF1800358E69 /* RegisterBuisinessModalViewController.swift in Sources */ = {isa = PBXBuildFile; fileRef = 7E810BC3203FEF1800358E69 /* RegisterBuisinessModalViewController.swift */; };
		7E810BC6203FFA3900358E69 /* SelectPlanModalViewController.swift in Sources */ = {isa = PBXBuildFile; fileRef = 7E810BC5203FFA3900358E69 /* SelectPlanModalViewController.swift */; };
		7EB4FC7C203C1A8F00E86687 /* UIIndicatorAlert.swift in Sources */ = {isa = PBXBuildFile; fileRef = 7EB4FC7B203C1A8F00E86687 /* UIIndicatorAlert.swift */; };
		7EB4FC7F203C1BC300E86687 /* UIIndicatorAlert.xib in Resources */ = {isa = PBXBuildFile; fileRef = 7EB4FC7E203C1BC300E86687 /* UIIndicatorAlert.xib */; };
		7EB4FC82203C4C4600E86687 /* RegisterModalViewController.swift in Sources */ = {isa = PBXBuildFile; fileRef = 7EB4FC81203C4C4600E86687 /* RegisterModalViewController.swift */; };
		7EB4FC84203C61F700E86687 /* LoginModalViewController.swift in Sources */ = {isa = PBXBuildFile; fileRef = 7EB4FC83203C61F700E86687 /* LoginModalViewController.swift */; };
		7EB4FC86203D4CD900E86687 /* AccountNotifyDelegate.swift in Sources */ = {isa = PBXBuildFile; fileRef = 7EB4FC85203D4CD900E86687 /* AccountNotifyDelegate.swift */; };
		7EBED829202DCD9C009A1FB3 /* LaunchScreen.storyboard in Resources */ = {isa = PBXBuildFile; fileRef = 7EBED828202DCD9C009A1FB3 /* LaunchScreen.storyboard */; };
		7EBED82D202DCF18009A1FB3 /* BaseViewController.swift in Sources */ = {isa = PBXBuildFile; fileRef = 7EBED82C202DCF18009A1FB3 /* BaseViewController.swift */; };
		7EBED82F202DD7B2009A1FB3 /* SelectCityModalViewController.swift in Sources */ = {isa = PBXBuildFile; fileRef = 7EBED82E202DD7B2009A1FB3 /* SelectCityModalViewController.swift */; };
		7EBED833202DD8A1009A1FB3 /* CityCell.swift in Sources */ = {isa = PBXBuildFile; fileRef = 7EBED832202DD8A1009A1FB3 /* CityCell.swift */; };
		7EBED835202DEDCE009A1FB3 /* BaseModalViewController.swift in Sources */ = {isa = PBXBuildFile; fileRef = 7EBED834202DEDCE009A1FB3 /* BaseModalViewController.swift */; };
		7EBED837202DF872009A1FB3 /* Excention.swift in Sources */ = {isa = PBXBuildFile; fileRef = 7EBED836202DF872009A1FB3 /* Excention.swift */; };
		AC55B43C0B276A7631522569 /* Pods_Shahre_Man.framework in Frameworks */ = {isa = PBXBuildFile; fileRef = C260FF779AA320ED7ED30D16 /* Pods_Shahre_Man.framework */; };
/* End PBXBuildFile section */

/* Begin PBXContainerItemProxy section */
		7E05F05B202D983B00BDFBA5 /* PBXContainerItemProxy */ = {
			isa = PBXContainerItemProxy;
			containerPortal = 7E05F03E202D983B00BDFBA5 /* Project object */;
			proxyType = 1;
			remoteGlobalIDString = 7E05F045202D983B00BDFBA5;
			remoteInfo = "Shahre Man";
		};
		7E05F066202D983B00BDFBA5 /* PBXContainerItemProxy */ = {
			isa = PBXContainerItemProxy;
			containerPortal = 7E05F03E202D983B00BDFBA5 /* Project object */;
			proxyType = 1;
			remoteGlobalIDString = 7E05F045202D983B00BDFBA5;
			remoteInfo = "Shahre Man";
		};
/* End PBXContainerItemProxy section */

/* Begin PBXFileReference section */
		1CC7A67EF4F3BADA6AA99C46 /* Pods-Shahre Man.release.xcconfig */ = {isa = PBXFileReference; includeInIndex = 1; lastKnownFileType = text.xcconfig; name = "Pods-Shahre Man.release.xcconfig"; path = "Pods/Target Support Files/Pods-Shahre Man/Pods-Shahre Man.release.xcconfig"; sourceTree = "<group>"; };
		4C63C60CB75090AC9A619481 /* Pods_Shahre_ManTests.framework */ = {isa = PBXFileReference; explicitFileType = wrapper.framework; includeInIndex = 0; path = Pods_Shahre_ManTests.framework; sourceTree = BUILT_PRODUCTS_DIR; };
		6A002660A458FC41296C262D /* Pods-Shahre ManUITests.release.xcconfig */ = {isa = PBXFileReference; includeInIndex = 1; lastKnownFileType = text.xcconfig; name = "Pods-Shahre ManUITests.release.xcconfig"; path = "Pods/Target Support Files/Pods-Shahre ManUITests/Pods-Shahre ManUITests.release.xcconfig"; sourceTree = "<group>"; };
		7E05F046202D983B00BDFBA5 /* Shahre Man.app */ = {isa = PBXFileReference; explicitFileType = wrapper.application; includeInIndex = 0; path = "Shahre Man.app"; sourceTree = BUILT_PRODUCTS_DIR; };
		7E05F049202D983B00BDFBA5 /* AppDelegate.swift */ = {isa = PBXFileReference; lastKnownFileType = sourcecode.swift; path = AppDelegate.swift; sourceTree = "<group>"; };
		7E05F04B202D983B00BDFBA5 /* SplashViewController.swift */ = {isa = PBXFileReference; lastKnownFileType = sourcecode.swift; path = SplashViewController.swift; sourceTree = "<group>"; };
		7E05F04E202D983B00BDFBA5 /* Base */ = {isa = PBXFileReference; lastKnownFileType = file.storyboard; name = Base; path = Base.lproj/Main.storyboard; sourceTree = "<group>"; };
		7E05F050202D983B00BDFBA5 /* Assets.xcassets */ = {isa = PBXFileReference; lastKnownFileType = folder.assetcatalog; path = Assets.xcassets; sourceTree = "<group>"; };
		7E05F055202D983B00BDFBA5 /* Info.plist */ = {isa = PBXFileReference; lastKnownFileType = text.plist.xml; path = Info.plist; sourceTree = "<group>"; };
		7E05F05A202D983B00BDFBA5 /* Shahre ManTests.xctest */ = {isa = PBXFileReference; explicitFileType = wrapper.cfbundle; includeInIndex = 0; path = "Shahre ManTests.xctest"; sourceTree = BUILT_PRODUCTS_DIR; };
		7E05F05E202D983B00BDFBA5 /* Shahre_ManTests.swift */ = {isa = PBXFileReference; lastKnownFileType = sourcecode.swift; path = Shahre_ManTests.swift; sourceTree = "<group>"; };
		7E05F060202D983B00BDFBA5 /* Info.plist */ = {isa = PBXFileReference; lastKnownFileType = text.plist.xml; path = Info.plist; sourceTree = "<group>"; };
		7E05F065202D983B00BDFBA5 /* Shahre ManUITests.xctest */ = {isa = PBXFileReference; explicitFileType = wrapper.cfbundle; includeInIndex = 0; path = "Shahre ManUITests.xctest"; sourceTree = BUILT_PRODUCTS_DIR; };
		7E05F069202D983B00BDFBA5 /* Shahre_ManUITests.swift */ = {isa = PBXFileReference; lastKnownFileType = sourcecode.swift; path = Shahre_ManUITests.swift; sourceTree = "<group>"; };
		7E05F06B202D983B00BDFBA5 /* Info.plist */ = {isa = PBXFileReference; lastKnownFileType = text.plist.xml; path = Info.plist; sourceTree = "<group>"; };
		7E0775FD202EE46100427607 /* PagerCell.swift */ = {isa = PBXFileReference; lastKnownFileType = sourcecode.swift; path = PagerCell.swift; sourceTree = "<group>"; };
		7E077601202EE4D900427607 /* PagerCell.xib */ = {isa = PBXFileReference; lastKnownFileType = file.xib; path = PagerCell.xib; sourceTree = "<group>"; };
		7E077603202F0D2300427607 /* ContactUsViewController.swift */ = {isa = PBXFileReference; lastKnownFileType = sourcecode.swift; path = ContactUsViewController.swift; sourceTree = "<group>"; };
		7E077605202F25D800427607 /* ContactController.swift */ = {isa = PBXFileReference; lastKnownFileType = sourcecode.swift; path = ContactController.swift; sourceTree = "<group>"; };
		7E077607202F8ADF00427607 /* AccountTabViewController.swift */ = {isa = PBXFileReference; lastKnownFileType = sourcecode.swift; path = AccountTabViewController.swift; sourceTree = "<group>"; };
		7E07760A202F980800427607 /* AuthController.swift */ = {isa = PBXFileReference; lastKnownFileType = sourcecode.swift; path = AuthController.swift; sourceTree = "<group>"; };
		7E07760C202F994F00427607 /* AuthCallback.swift */ = {isa = PBXFileReference; lastKnownFileType = sourcecode.swift; path = AuthCallback.swift; sourceTree = "<group>"; };
		7E171E0D203DC31000A4F2D0 /* UIPrettyButton.swift */ = {isa = PBXFileReference; lastKnownFileType = sourcecode.swift; path = UIPrettyButton.swift; sourceTree = "<group>"; };
		7E171E0F203DC3C300A4F2D0 /* UIPrettyButton.xib */ = {isa = PBXFileReference; lastKnownFileType = file.xib; path = UIPrettyButton.xib; sourceTree = "<group>"; };
		7E171E13203DE1E600A4F2D0 /* ItemMenu.swift */ = {isa = PBXFileReference; lastKnownFileType = sourcecode.swift; path = ItemMenu.swift; sourceTree = "<group>"; };
		7E171E15203DE33C00A4F2D0 /* MenuCell.swift */ = {isa = PBXFileReference; lastKnownFileType = sourcecode.swift; path = MenuCell.swift; sourceTree = "<group>"; };
		7E171E20203E05E700A4F2D0 /* sansBold.ttf */ = {isa = PBXFileReference; lastKnownFileType = file; name = sansBold.ttf; path = Fonts/sansBold.ttf; sourceTree = "<group>"; };
		7E171E21203E05E700A4F2D0 /* sansLight.ttf */ = {isa = PBXFileReference; lastKnownFileType = file; name = sansLight.ttf; path = Fonts/sansLight.ttf; sourceTree = "<group>"; };
		7E171E22203E05E700A4F2D0 /* sansULight.ttf */ = {isa = PBXFileReference; lastKnownFileType = file; name = sansULight.ttf; path = Fonts/sansULight.ttf; sourceTree = "<group>"; };
		7E428CC1203490ED007CED56 /* Plan.swift */ = {isa = PBXFileReference; lastKnownFileType = sourcecode.swift; path = Plan.swift; sourceTree = "<group>"; };
		7E428CC520349420007CED56 /* BuisinessController.swift */ = {isa = PBXFileReference; lastKnownFileType = sourcecode.swift; path = BuisinessController.swift; sourceTree = "<group>"; };
		7E428CC720349438007CED56 /* BuisinessCallback.swift */ = {isa = PBXFileReference; lastKnownFileType = sourcecode.swift; path = BuisinessCallback.swift; sourceTree = "<group>"; };
		7E428CC920349ECA007CED56 /* Profile.swift */ = {isa = PBXFileReference; lastKnownFileType = sourcecode.swift; path = Profile.swift; sourceTree = "<group>"; };
		7E615683202DFCCD00E60611 /* Modal.storyboard */ = {isa = PBXFileReference; lastKnownFileType = file.storyboard; path = Modal.storyboard; sourceTree = "<group>"; };
		7E615685202E03BB00E60611 /* DashboardViewController.swift */ = {isa = PBXFileReference; lastKnownFileType = sourcecode.swift; path = DashboardViewController.swift; sourceTree = "<group>"; };
		7E615688202E2A9700E60611 /* SearchTabViewController.swift */ = {isa = PBXFileReference; lastKnownFileType = sourcecode.swift; path = SearchTabViewController.swift; sourceTree = "<group>"; };
		7E61568A202E2F6A00E60611 /* HomeTabViewController copy.swift */ = {isa = PBXFileReference; lastKnownFileType = sourcecode.swift; path = "HomeTabViewController copy.swift"; sourceTree = "<group>"; };
		7E61568C202E414B00E60611 /* DataResource.swift */ = {isa = PBXFileReference; lastKnownFileType = sourcecode.swift; path = DataResource.swift; sourceTree = "<group>"; };
		7E61568E202E43E200E60611 /* Storage.swift */ = {isa = PBXFileReference; lastKnownFileType = sourcecode.swift; path = Storage.swift; sourceTree = "<group>"; };
		7E615697202E533600E60611 /* UICircleImageView.swift */ = {isa = PBXFileReference; lastKnownFileType = sourcecode.swift; path = UICircleImageView.swift; sourceTree = "<group>"; };
		7E615699202E56C600E60611 /* DataCell.swift */ = {isa = PBXFileReference; lastKnownFileType = sourcecode.swift; path = DataCell.swift; sourceTree = "<group>"; };
		7E7B4E55202D99D000FA280D /* RequestCallback.swift */ = {isa = PBXFileReference; fileEncoding = 4; lastKnownFileType = sourcecode.swift; path = RequestCallback.swift; sourceTree = "<group>"; };
		7E7B4E56202D99D000FA280D /* Request.swift */ = {isa = PBXFileReference; fileEncoding = 4; lastKnownFileType = sourcecode.swift; path = Request.swift; sourceTree = "<group>"; };
		7E7B4E59202D99FC00FA280D /* Model.swift */ = {isa = PBXFileReference; lastKnownFileType = sourcecode.swift; path = Model.swift; sourceTree = "<group>"; };
		7E7B4E5B202D9AA700FA280D /* Data.swift */ = {isa = PBXFileReference; lastKnownFileType = sourcecode.swift; path = Data.swift; sourceTree = "<group>"; };
		7E7B4E5D202D9E9800FA280D /* City.swift */ = {isa = PBXFileReference; lastKnownFileType = sourcecode.swift; path = City.swift; sourceTree = "<group>"; };
		7E7B4E5F202DA09800FA280D /* Slider.swift */ = {isa = PBXFileReference; lastKnownFileType = sourcecode.swift; path = Slider.swift; sourceTree = "<group>"; };
		7E7B4E61202DAA0200FA280D /* Controller.swift */ = {isa = PBXFileReference; lastKnownFileType = sourcecode.swift; path = Controller.swift; sourceTree = "<group>"; };
		7E7B4E63202DAA4500FA280D /* APIs.swift */ = {isa = PBXFileReference; lastKnownFileType = sourcecode.swift; path = APIs.swift; sourceTree = "<group>"; };
		7E7B4E65202DAB6500FA280D /* InitializeController.swift */ = {isa = PBXFileReference; lastKnownFileType = sourcecode.swift; path = InitializeController.swift; sourceTree = "<group>"; };
		7E7B4E67202DAF2500FA280D /* InitializeCallback.swift */ = {isa = PBXFileReference; lastKnownFileType = sourcecode.swift; path = InitializeCallback.swift; sourceTree = "<group>"; };
		7E810BBB203F497800358E69 /* PlansCell.swift */ = {isa = PBXFileReference; lastKnownFileType = sourcecode.swift; path = PlansCell.swift; sourceTree = "<group>"; };
		7E810BBD203F4B6100358E69 /* PlanCell.xib */ = {isa = PBXFileReference; lastKnownFileType = file.xib; path = PlanCell.xib; sourceTree = "<group>"; };
		7E810BBF203F4DDA00358E69 /* PlansViewController.swift */ = {isa = PBXFileReference; lastKnownFileType = sourcecode.swift; path = PlansViewController.swift; sourceTree = "<group>"; };
		7E810BC3203FEF1800358E69 /* RegisterBuisinessModalViewController.swift */ = {isa = PBXFileReference; lastKnownFileType = sourcecode.swift; path = RegisterBuisinessModalViewController.swift; sourceTree = "<group>"; };
		7E810BC5203FFA3900358E69 /* SelectPlanModalViewController.swift */ = {isa = PBXFileReference; lastKnownFileType = sourcecode.swift; path = SelectPlanModalViewController.swift; sourceTree = "<group>"; };
		7EB4FC7B203C1A8F00E86687 /* UIIndicatorAlert.swift */ = {isa = PBXFileReference; lastKnownFileType = sourcecode.swift; path = UIIndicatorAlert.swift; sourceTree = "<group>"; };
		7EB4FC7E203C1BC300E86687 /* UIIndicatorAlert.xib */ = {isa = PBXFileReference; lastKnownFileType = file.xib; path = UIIndicatorAlert.xib; sourceTree = "<group>"; };
		7EB4FC81203C4C4600E86687 /* RegisterModalViewController.swift */ = {isa = PBXFileReference; lastKnownFileType = sourcecode.swift; path = RegisterModalViewController.swift; sourceTree = "<group>"; };
		7EB4FC83203C61F700E86687 /* LoginModalViewController.swift */ = {isa = PBXFileReference; lastKnownFileType = sourcecode.swift; path = LoginModalViewController.swift; sourceTree = "<group>"; };
		7EB4FC85203D4CD900E86687 /* AccountNotifyDelegate.swift */ = {isa = PBXFileReference; lastKnownFileType = sourcecode.swift; path = AccountNotifyDelegate.swift; sourceTree = "<group>"; };
		7EBED828202DCD9C009A1FB3 /* LaunchScreen.storyboard */ = {isa = PBXFileReference; fileEncoding = 4; lastKnownFileType = file.storyboard; path = LaunchScreen.storyboard; sourceTree = "<group>"; };
		7EBED82C202DCF18009A1FB3 /* BaseViewController.swift */ = {isa = PBXFileReference; lastKnownFileType = sourcecode.swift; path = BaseViewController.swift; sourceTree = "<group>"; };
		7EBED82E202DD7B2009A1FB3 /* SelectCityModalViewController.swift */ = {isa = PBXFileReference; lastKnownFileType = sourcecode.swift; path = SelectCityModalViewController.swift; sourceTree = "<group>"; };
		7EBED832202DD8A1009A1FB3 /* CityCell.swift */ = {isa = PBXFileReference; lastKnownFileType = sourcecode.swift; path = CityCell.swift; sourceTree = "<group>"; };
		7EBED834202DEDCE009A1FB3 /* BaseModalViewController.swift */ = {isa = PBXFileReference; lastKnownFileType = sourcecode.swift; path = BaseModalViewController.swift; sourceTree = "<group>"; };
		7EBED836202DF872009A1FB3 /* Excention.swift */ = {isa = PBXFileReference; lastKnownFileType = sourcecode.swift; path = Excention.swift; sourceTree = "<group>"; };
		809C13BF7167435FA1AC047D /* Pods-Shahre Man.debug.xcconfig */ = {isa = PBXFileReference; includeInIndex = 1; lastKnownFileType = text.xcconfig; name = "Pods-Shahre Man.debug.xcconfig"; path = "Pods/Target Support Files/Pods-Shahre Man/Pods-Shahre Man.debug.xcconfig"; sourceTree = "<group>"; };
		A26382721E5FA125417C126D /* Pods-Shahre ManTests.debug.xcconfig */ = {isa = PBXFileReference; includeInIndex = 1; lastKnownFileType = text.xcconfig; name = "Pods-Shahre ManTests.debug.xcconfig"; path = "Pods/Target Support Files/Pods-Shahre ManTests/Pods-Shahre ManTests.debug.xcconfig"; sourceTree = "<group>"; };
		A69846A8B0DF9B5174B85A5D /* Pods-Shahre ManTests.release.xcconfig */ = {isa = PBXFileReference; includeInIndex = 1; lastKnownFileType = text.xcconfig; name = "Pods-Shahre ManTests.release.xcconfig"; path = "Pods/Target Support Files/Pods-Shahre ManTests/Pods-Shahre ManTests.release.xcconfig"; sourceTree = "<group>"; };
		C260FF779AA320ED7ED30D16 /* Pods_Shahre_Man.framework */ = {isa = PBXFileReference; explicitFileType = wrapper.framework; includeInIndex = 0; path = Pods_Shahre_Man.framework; sourceTree = BUILT_PRODUCTS_DIR; };
		D03C88B8047F85A5591E6564 /* Pods_Shahre_ManUITests.framework */ = {isa = PBXFileReference; explicitFileType = wrapper.framework; includeInIndex = 0; path = Pods_Shahre_ManUITests.framework; sourceTree = BUILT_PRODUCTS_DIR; };
		D6F816F7F9F8356FBE801970 /* Pods-Shahre ManUITests.debug.xcconfig */ = {isa = PBXFileReference; includeInIndex = 1; lastKnownFileType = text.xcconfig; name = "Pods-Shahre ManUITests.debug.xcconfig"; path = "Pods/Target Support Files/Pods-Shahre ManUITests/Pods-Shahre ManUITests.debug.xcconfig"; sourceTree = "<group>"; };
/* End PBXFileReference section */

/* Begin PBXFrameworksBuildPhase section */
		7E05F043202D983B00BDFBA5 /* Frameworks */ = {
			isa = PBXFrameworksBuildPhase;
			buildActionMask = 2147483647;
			files = (
				AC55B43C0B276A7631522569 /* Pods_Shahre_Man.framework in Frameworks */,
			);
			runOnlyForDeploymentPostprocessing = 0;
		};
		7E05F057202D983B00BDFBA5 /* Frameworks */ = {
			isa = PBXFrameworksBuildPhase;
			buildActionMask = 2147483647;
			files = (
				5ED8F23257D4556200D2098E /* Pods_Shahre_ManTests.framework in Frameworks */,
			);
			runOnlyForDeploymentPostprocessing = 0;
		};
		7E05F062202D983B00BDFBA5 /* Frameworks */ = {
			isa = PBXFrameworksBuildPhase;
			buildActionMask = 2147483647;
			files = (
				18EC320B7FEADEEF849615D6 /* Pods_Shahre_ManUITests.framework in Frameworks */,
			);
			runOnlyForDeploymentPostprocessing = 0;
		};
/* End PBXFrameworksBuildPhase section */

/* Begin PBXGroup section */
		5C10E87A450671A8156313DF /* Frameworks */ = {
			isa = PBXGroup;
			children = (
				C260FF779AA320ED7ED30D16 /* Pods_Shahre_Man.framework */,
				4C63C60CB75090AC9A619481 /* Pods_Shahre_ManTests.framework */,
				D03C88B8047F85A5591E6564 /* Pods_Shahre_ManUITests.framework */,
			);
			name = Frameworks;
			sourceTree = "<group>";
		};
		6BA01FDEBB1DC299EDE4C45D /* Pods */ = {
			isa = PBXGroup;
			children = (
				809C13BF7167435FA1AC047D /* Pods-Shahre Man.debug.xcconfig */,
				1CC7A67EF4F3BADA6AA99C46 /* Pods-Shahre Man.release.xcconfig */,
				A26382721E5FA125417C126D /* Pods-Shahre ManTests.debug.xcconfig */,
				A69846A8B0DF9B5174B85A5D /* Pods-Shahre ManTests.release.xcconfig */,
				D6F816F7F9F8356FBE801970 /* Pods-Shahre ManUITests.debug.xcconfig */,
				6A002660A458FC41296C262D /* Pods-Shahre ManUITests.release.xcconfig */,
			);
			name = Pods;
			sourceTree = "<group>";
		};
		7E05F03D202D983B00BDFBA5 = {
			isa = PBXGroup;
			children = (
				7E171E20203E05E700A4F2D0 /* sansBold.ttf */,
				7E171E21203E05E700A4F2D0 /* sansLight.ttf */,
				7E171E22203E05E700A4F2D0 /* sansULight.ttf */,
				7E05F048202D983B00BDFBA5 /* Shahre Man */,
				7E05F05D202D983B00BDFBA5 /* Shahre ManTests */,
				7E05F068202D983B00BDFBA5 /* Shahre ManUITests */,
				7E05F047202D983B00BDFBA5 /* Products */,
				6BA01FDEBB1DC299EDE4C45D /* Pods */,
				5C10E87A450671A8156313DF /* Frameworks */,
			);
			sourceTree = "<group>";
		};
		7E05F047202D983B00BDFBA5 /* Products */ = {
			isa = PBXGroup;
			children = (
				7E05F046202D983B00BDFBA5 /* Shahre Man.app */,
				7E05F05A202D983B00BDFBA5 /* Shahre ManTests.xctest */,
				7E05F065202D983B00BDFBA5 /* Shahre ManUITests.xctest */,
			);
			name = Products;
			sourceTree = "<group>";
		};
		7E05F048202D983B00BDFBA5 /* Shahre Man */ = {
			isa = PBXGroup;
			children = (
				7EBED830202DD887009A1FB3 /* Views */,
				7E7B4E69202DC77700FA280D /* ViewControllers */,
				7E7B4E54202D99AF00FA280D /* Controllers */,
				7E7B4E53202D99A700FA280D /* Models */,
				7E7B4E52202D999D00FA280D /* Http */,
				7E05F049202D983B00BDFBA5 /* AppDelegate.swift */,
				7E615683202DFCCD00E60611 /* Modal.storyboard */,
				7E05F04D202D983B00BDFBA5 /* Main.storyboard */,
				7EBED828202DCD9C009A1FB3 /* LaunchScreen.storyboard */,
				7E05F050202D983B00BDFBA5 /* Assets.xcassets */,
				7E05F055202D983B00BDFBA5 /* Info.plist */,
				7E7B4E63202DAA4500FA280D /* APIs.swift */,
				7EBED836202DF872009A1FB3 /* Excention.swift */,
				7E61568C202E414B00E60611 /* DataResource.swift */,
				7E61568E202E43E200E60611 /* Storage.swift */,
			);
			path = "Shahre Man";
			sourceTree = "<group>";
		};
		7E05F05D202D983B00BDFBA5 /* Shahre ManTests */ = {
			isa = PBXGroup;
			children = (
				7E05F05E202D983B00BDFBA5 /* Shahre_ManTests.swift */,
				7E05F060202D983B00BDFBA5 /* Info.plist */,
			);
			path = "Shahre ManTests";
			sourceTree = "<group>";
		};
		7E05F068202D983B00BDFBA5 /* Shahre ManUITests */ = {
			isa = PBXGroup;
			children = (
				7E05F069202D983B00BDFBA5 /* Shahre_ManUITests.swift */,
				7E05F06B202D983B00BDFBA5 /* Info.plist */,
			);
			path = "Shahre ManUITests";
			sourceTree = "<group>";
		};
		7E077609202F974300427607 /* init */ = {
			isa = PBXGroup;
			children = (
				7E7B4E65202DAB6500FA280D /* InitializeController.swift */,
				7E7B4E67202DAF2500FA280D /* InitializeCallback.swift */,
			);
			path = init;
			sourceTree = "<group>";
		};
		7E428CC3203493F9007CED56 /* auth */ = {
			isa = PBXGroup;
			children = (
				7E07760C202F994F00427607 /* AuthCallback.swift */,
				7E07760A202F980800427607 /* AuthController.swift */,
			);
			path = auth;
			sourceTree = "<group>";
		};
		7E428CC42034940B007CED56 /* plan */ = {
			isa = PBXGroup;
			children = (
				7E428CC520349420007CED56 /* BuisinessController.swift */,
				7E428CC720349438007CED56 /* BuisinessCallback.swift */,
			);
			path = plan;
			sourceTree = "<group>";
		};
		7E615687202E2A7E00E60611 /* Tabs */ = {
			isa = PBXGroup;
			children = (
				7E61568A202E2F6A00E60611 /* HomeTabViewController copy.swift */,
				7E077607202F8ADF00427607 /* AccountTabViewController.swift */,
				7E615688202E2A9700E60611 /* SearchTabViewController.swift */,
				7EB4FC85203D4CD900E86687 /* AccountNotifyDelegate.swift */,
			);
			path = Tabs;
			sourceTree = "<group>";
		};
		7E7B4E52202D999D00FA280D /* Http */ = {
			isa = PBXGroup;
			children = (
				7E7B4E56202D99D000FA280D /* Request.swift */,
				7E7B4E55202D99D000FA280D /* RequestCallback.swift */,
			);
			path = Http;
			sourceTree = "<group>";
		};
		7E7B4E53202D99A700FA280D /* Models */ = {
			isa = PBXGroup;
			children = (
				7E7B4E59202D99FC00FA280D /* Model.swift */,
				7E7B4E5B202D9AA700FA280D /* Data.swift */,
				7E7B4E5D202D9E9800FA280D /* City.swift */,
				7E7B4E5F202DA09800FA280D /* Slider.swift */,
				7E428CC1203490ED007CED56 /* Plan.swift */,
				7E428CC920349ECA007CED56 /* Profile.swift */,
				7E171E13203DE1E600A4F2D0 /* ItemMenu.swift */,
			);
			path = Models;
			sourceTree = "<group>";
		};
		7E7B4E54202D99AF00FA280D /* Controllers */ = {
			isa = PBXGroup;
			children = (
				7E7B4E61202DAA0200FA280D /* Controller.swift */,
				7E428CC42034940B007CED56 /* plan */,
				7E428CC3203493F9007CED56 /* auth */,
				7E077609202F974300427607 /* init */,
				7E077605202F25D800427607 /* ContactController.swift */,
			);
			path = Controllers;
			sourceTree = "<group>";
		};
		7E7B4E69202DC77700FA280D /* ViewControllers */ = {
			isa = PBXGroup;
			children = (
				7EB4FC80203C4B6700E86687 /* Modal */,
				7E615687202E2A7E00E60611 /* Tabs */,
				7E05F04B202D983B00BDFBA5 /* SplashViewController.swift */,
				7EBED82C202DCF18009A1FB3 /* BaseViewController.swift */,
				7EBED834202DEDCE009A1FB3 /* BaseModalViewController.swift */,
				7E615685202E03BB00E60611 /* DashboardViewController.swift */,
				7E077603202F0D2300427607 /* ContactUsViewController.swift */,
				7E810BBF203F4DDA00358E69 /* PlansViewController.swift */,
			);
			path = ViewControllers;
			sourceTree = "<group>";
		};
		7EB4FC7D203C1BA900E86687 /* IndicatorAlert */ = {
			isa = PBXGroup;
			children = (
				7EB4FC7B203C1A8F00E86687 /* UIIndicatorAlert.swift */,
				7EB4FC7E203C1BC300E86687 /* UIIndicatorAlert.xib */,
			);
			path = IndicatorAlert;
			sourceTree = "<group>";
		};
		7EB4FC80203C4B6700E86687 /* Modal */ = {
			isa = PBXGroup;
			children = (
				7E810BC3203FEF1800358E69 /* RegisterBuisinessModalViewController.swift */,
				7EBED82E202DD7B2009A1FB3 /* SelectCityModalViewController.swift */,
				7E810BC5203FFA3900358E69 /* SelectPlanModalViewController.swift */,
				7EB4FC81203C4C4600E86687 /* RegisterModalViewController.swift */,
				7EB4FC83203C61F700E86687 /* LoginModalViewController.swift */,
			);
			path = Modal;
			sourceTree = "<group>";
		};
		7EB4FC87203DBA8C00E86687 /* UIPrettyButton */ = {
			isa = PBXGroup;
			children = (
				7E171E0D203DC31000A4F2D0 /* UIPrettyButton.swift */,
				7E171E0F203DC3C300A4F2D0 /* UIPrettyButton.xib */,
			);
			path = UIPrettyButton;
			sourceTree = "<group>";
		};
		7EBED830202DD887009A1FB3 /* Views */ = {
			isa = PBXGroup;
			children = (
				7EB4FC87203DBA8C00E86687 /* UIPrettyButton */,
				7EB4FC7D203C1BA900E86687 /* IndicatorAlert */,
				7EBED831202DD88D009A1FB3 /* Cells */,
				7E615697202E533600E60611 /* UICircleImageView.swift */,
			);
			path = Views;
			sourceTree = "<group>";
		};
		7EBED831202DD88D009A1FB3 /* Cells */ = {
			isa = PBXGroup;
			children = (
				7EBED832202DD8A1009A1FB3 /* CityCell.swift */,
				7E615699202E56C600E60611 /* DataCell.swift */,
				7E0775FD202EE46100427607 /* PagerCell.swift */,
				7E171E15203DE33C00A4F2D0 /* MenuCell.swift */,
				7E810BBB203F497800358E69 /* PlansCell.swift */,
				7E077601202EE4D900427607 /* PagerCell.xib */,
				7E810BBD203F4B6100358E69 /* PlanCell.xib */,
			);
			path = Cells;
			sourceTree = "<group>";
		};
/* End PBXGroup section */

/* Begin PBXNativeTarget section */
		7E05F045202D983B00BDFBA5 /* Shahre Man */ = {
			isa = PBXNativeTarget;
			buildConfigurationList = 7E05F06E202D983B00BDFBA5 /* Build configuration list for PBXNativeTarget "Shahre Man" */;
			buildPhases = (
				A57D1FB39EA2B4F3C804CDB2 /* [CP] Check Pods Manifest.lock */,
				7E05F042202D983B00BDFBA5 /* Sources */,
				7E05F043202D983B00BDFBA5 /* Frameworks */,
				7E05F044202D983B00BDFBA5 /* Resources */,
				EA32315A9303CCFE9D4B817A /* [CP] Embed Pods Frameworks */,
				E5165E020CBB82536D659419 /* [CP] Copy Pods Resources */,
			);
			buildRules = (
			);
			dependencies = (
			);
			name = "Shahre Man";
			productName = "Shahre Man";
			productReference = 7E05F046202D983B00BDFBA5 /* Shahre Man.app */;
			productType = "com.apple.product-type.application";
		};
		7E05F059202D983B00BDFBA5 /* Shahre ManTests */ = {
			isa = PBXNativeTarget;
			buildConfigurationList = 7E05F071202D983B00BDFBA5 /* Build configuration list for PBXNativeTarget "Shahre ManTests" */;
			buildPhases = (
				B00A1577BB13FFCDAF1BAC79 /* [CP] Check Pods Manifest.lock */,
				7E05F056202D983B00BDFBA5 /* Sources */,
				7E05F057202D983B00BDFBA5 /* Frameworks */,
				7E05F058202D983B00BDFBA5 /* Resources */,
				9214F3F827D9673EB7599C68 /* [CP] Embed Pods Frameworks */,
				65E4CF098AD8FC34E3AF234B /* [CP] Copy Pods Resources */,
			);
			buildRules = (
			);
			dependencies = (
				7E05F05C202D983B00BDFBA5 /* PBXTargetDependency */,
			);
			name = "Shahre ManTests";
			productName = "Shahre ManTests";
			productReference = 7E05F05A202D983B00BDFBA5 /* Shahre ManTests.xctest */;
			productType = "com.apple.product-type.bundle.unit-test";
		};
		7E05F064202D983B00BDFBA5 /* Shahre ManUITests */ = {
			isa = PBXNativeTarget;
			buildConfigurationList = 7E05F074202D983B00BDFBA5 /* Build configuration list for PBXNativeTarget "Shahre ManUITests" */;
			buildPhases = (
				125F729BA790118149668231 /* [CP] Check Pods Manifest.lock */,
				7E05F061202D983B00BDFBA5 /* Sources */,
				7E05F062202D983B00BDFBA5 /* Frameworks */,
				7E05F063202D983B00BDFBA5 /* Resources */,
				9D4C1E6AB8844DCAC6206195 /* [CP] Embed Pods Frameworks */,
				7091862AA0149B624BE8ECD5 /* [CP] Copy Pods Resources */,
			);
			buildRules = (
			);
			dependencies = (
				7E05F067202D983B00BDFBA5 /* PBXTargetDependency */,
			);
			name = "Shahre ManUITests";
			productName = "Shahre ManUITests";
			productReference = 7E05F065202D983B00BDFBA5 /* Shahre ManUITests.xctest */;
			productType = "com.apple.product-type.bundle.ui-testing";
		};
/* End PBXNativeTarget section */

/* Begin PBXProject section */
		7E05F03E202D983B00BDFBA5 /* Project object */ = {
			isa = PBXProject;
			attributes = {
				LastSwiftUpdateCheck = 0920;
				LastUpgradeCheck = 0920;
				ORGANIZATIONNAME = ImanX;
				TargetAttributes = {
					7E05F045202D983B00BDFBA5 = {
						CreatedOnToolsVersion = 9.2;
						ProvisioningStyle = Automatic;
					};
					7E05F059202D983B00BDFBA5 = {
						CreatedOnToolsVersion = 9.2;
						ProvisioningStyle = Automatic;
						TestTargetID = 7E05F045202D983B00BDFBA5;
					};
					7E05F064202D983B00BDFBA5 = {
						CreatedOnToolsVersion = 9.2;
						ProvisioningStyle = Automatic;
						TestTargetID = 7E05F045202D983B00BDFBA5;
					};
				};
			};
			buildConfigurationList = 7E05F041202D983B00BDFBA5 /* Build configuration list for PBXProject "Shahre Man" */;
			compatibilityVersion = "Xcode 8.0";
			developmentRegion = en;
			hasScannedForEncodings = 0;
			knownRegions = (
				en,
				Base,
			);
			mainGroup = 7E05F03D202D983B00BDFBA5;
			productRefGroup = 7E05F047202D983B00BDFBA5 /* Products */;
			projectDirPath = "";
			projectRoot = "";
			targets = (
				7E05F045202D983B00BDFBA5 /* Shahre Man */,
				7E05F059202D983B00BDFBA5 /* Shahre ManTests */,
				7E05F064202D983B00BDFBA5 /* Shahre ManUITests */,
			);
		};
/* End PBXProject section */

/* Begin PBXResourcesBuildPhase section */
		7E05F044202D983B00BDFBA5 /* Resources */ = {
			isa = PBXResourcesBuildPhase;
			buildActionMask = 2147483647;
			files = (
				7E171E23203E05E700A4F2D0 /* sansBold.ttf in Resources */,
				7E171E24203E05E700A4F2D0 /* sansLight.ttf in Resources */,
				7E171E25203E05E700A4F2D0 /* sansULight.ttf in Resources */,
				7E615684202DFCCD00E60611 /* Modal.storyboard in Resources */,
				7EBED829202DCD9C009A1FB3 /* LaunchScreen.storyboard in Resources */,
				7EB4FC7F203C1BC300E86687 /* UIIndicatorAlert.xib in Resources */,
				7E05F051202D983B00BDFBA5 /* Assets.xcassets in Resources */,
				7E05F04F202D983B00BDFBA5 /* Main.storyboard in Resources */,
				7E077602202EE4D900427607 /* PagerCell.xib in Resources */,
				7E171E10203DC3C300A4F2D0 /* UIPrettyButton.xib in Resources */,
				7E810BBE203F4B6100358E69 /* PlanCell.xib in Resources */,
			);
			runOnlyForDeploymentPostprocessing = 0;
		};
		7E05F058202D983B00BDFBA5 /* Resources */ = {
			isa = PBXResourcesBuildPhase;
			buildActionMask = 2147483647;
			files = (
			);
			runOnlyForDeploymentPostprocessing = 0;
		};
		7E05F063202D983B00BDFBA5 /* Resources */ = {
			isa = PBXResourcesBuildPhase;
			buildActionMask = 2147483647;
			files = (
			);
			runOnlyForDeploymentPostprocessing = 0;
		};
/* End PBXResourcesBuildPhase section */

/* Begin PBXShellScriptBuildPhase section */
		125F729BA790118149668231 /* [CP] Check Pods Manifest.lock */ = {
			isa = PBXShellScriptBuildPhase;
			buildActionMask = 2147483647;
			files = (
			);
			inputPaths = (
				"${PODS_PODFILE_DIR_PATH}/Podfile.lock",
				"${PODS_ROOT}/Manifest.lock",
			);
			name = "[CP] Check Pods Manifest.lock";
			outputPaths = (
				"$(DERIVED_FILE_DIR)/Pods-Shahre ManUITests-checkManifestLockResult.txt",
			);
			runOnlyForDeploymentPostprocessing = 0;
			shellPath = /bin/sh;
			shellScript = "diff \"${PODS_PODFILE_DIR_PATH}/Podfile.lock\" \"${PODS_ROOT}/Manifest.lock\" > /dev/null\nif [ $? != 0 ] ; then\n    # print error to STDERR\n    echo \"error: The sandbox is not in sync with the Podfile.lock. Run 'pod install' or update your CocoaPods installation.\" >&2\n    exit 1\nfi\n# This output is used by Xcode 'outputs' to avoid re-running this script phase.\necho \"SUCCESS\" > \"${SCRIPT_OUTPUT_FILE_0}\"\n";
			showEnvVarsInLog = 0;
		};
		65E4CF098AD8FC34E3AF234B /* [CP] Copy Pods Resources */ = {
			isa = PBXShellScriptBuildPhase;
			buildActionMask = 2147483647;
			files = (
			);
			inputPaths = (
			);
			name = "[CP] Copy Pods Resources";
			outputPaths = (
			);
			runOnlyForDeploymentPostprocessing = 0;
			shellPath = /bin/sh;
			shellScript = "\"${SRCROOT}/Pods/Target Support Files/Pods-Shahre ManTests/Pods-Shahre ManTests-resources.sh\"\n";
			showEnvVarsInLog = 0;
		};
		7091862AA0149B624BE8ECD5 /* [CP] Copy Pods Resources */ = {
			isa = PBXShellScriptBuildPhase;
			buildActionMask = 2147483647;
			files = (
			);
			inputPaths = (
			);
			name = "[CP] Copy Pods Resources";
			outputPaths = (
			);
			runOnlyForDeploymentPostprocessing = 0;
			shellPath = /bin/sh;
			shellScript = "\"${SRCROOT}/Pods/Target Support Files/Pods-Shahre ManUITests/Pods-Shahre ManUITests-resources.sh\"\n";
			showEnvVarsInLog = 0;
		};
		9214F3F827D9673EB7599C68 /* [CP] Embed Pods Frameworks */ = {
			isa = PBXShellScriptBuildPhase;
			buildActionMask = 2147483647;
			files = (
			);
			inputPaths = (
			);
			name = "[CP] Embed Pods Frameworks";
			outputPaths = (
			);
			runOnlyForDeploymentPostprocessing = 0;
			shellPath = /bin/sh;
			shellScript = "\"${SRCROOT}/Pods/Target Support Files/Pods-Shahre ManTests/Pods-Shahre ManTests-frameworks.sh\"\n";
			showEnvVarsInLog = 0;
		};
		9D4C1E6AB8844DCAC6206195 /* [CP] Embed Pods Frameworks */ = {
			isa = PBXShellScriptBuildPhase;
			buildActionMask = 2147483647;
			files = (
			);
			inputPaths = (
			);
			name = "[CP] Embed Pods Frameworks";
			outputPaths = (
			);
			runOnlyForDeploymentPostprocessing = 0;
			shellPath = /bin/sh;
			shellScript = "\"${SRCROOT}/Pods/Target Support Files/Pods-Shahre ManUITests/Pods-Shahre ManUITests-frameworks.sh\"\n";
			showEnvVarsInLog = 0;
		};
		A57D1FB39EA2B4F3C804CDB2 /* [CP] Check Pods Manifest.lock */ = {
			isa = PBXShellScriptBuildPhase;
			buildActionMask = 2147483647;
			files = (
			);
			inputPaths = (
				"${PODS_PODFILE_DIR_PATH}/Podfile.lock",
				"${PODS_ROOT}/Manifest.lock",
			);
			name = "[CP] Check Pods Manifest.lock";
			outputPaths = (
				"$(DERIVED_FILE_DIR)/Pods-Shahre Man-checkManifestLockResult.txt",
			);
			runOnlyForDeploymentPostprocessing = 0;
			shellPath = /bin/sh;
			shellScript = "diff \"${PODS_PODFILE_DIR_PATH}/Podfile.lock\" \"${PODS_ROOT}/Manifest.lock\" > /dev/null\nif [ $? != 0 ] ; then\n    # print error to STDERR\n    echo \"error: The sandbox is not in sync with the Podfile.lock. Run 'pod install' or update your CocoaPods installation.\" >&2\n    exit 1\nfi\n# This output is used by Xcode 'outputs' to avoid re-running this script phase.\necho \"SUCCESS\" > \"${SCRIPT_OUTPUT_FILE_0}\"\n";
			showEnvVarsInLog = 0;
		};
		B00A1577BB13FFCDAF1BAC79 /* [CP] Check Pods Manifest.lock */ = {
			isa = PBXShellScriptBuildPhase;
			buildActionMask = 2147483647;
			files = (
			);
			inputPaths = (
				"${PODS_PODFILE_DIR_PATH}/Podfile.lock",
				"${PODS_ROOT}/Manifest.lock",
			);
			name = "[CP] Check Pods Manifest.lock";
			outputPaths = (
				"$(DERIVED_FILE_DIR)/Pods-Shahre ManTests-checkManifestLockResult.txt",
			);
			runOnlyForDeploymentPostprocessing = 0;
			shellPath = /bin/sh;
			shellScript = "diff \"${PODS_PODFILE_DIR_PATH}/Podfile.lock\" \"${PODS_ROOT}/Manifest.lock\" > /dev/null\nif [ $? != 0 ] ; then\n    # print error to STDERR\n    echo \"error: The sandbox is not in sync with the Podfile.lock. Run 'pod install' or update your CocoaPods installation.\" >&2\n    exit 1\nfi\n# This output is used by Xcode 'outputs' to avoid re-running this script phase.\necho \"SUCCESS\" > \"${SCRIPT_OUTPUT_FILE_0}\"\n";
			showEnvVarsInLog = 0;
		};
		E5165E020CBB82536D659419 /* [CP] Copy Pods Resources */ = {
			isa = PBXShellScriptBuildPhase;
			buildActionMask = 2147483647;
			files = (
			);
			inputPaths = (
			);
			name = "[CP] Copy Pods Resources";
			outputPaths = (
			);
			runOnlyForDeploymentPostprocessing = 0;
			shellPath = /bin/sh;
			shellScript = "\"${SRCROOT}/Pods/Target Support Files/Pods-Shahre Man/Pods-Shahre Man-resources.sh\"\n";
			showEnvVarsInLog = 0;
		};
		EA32315A9303CCFE9D4B817A /* [CP] Embed Pods Frameworks */ = {
			isa = PBXShellScriptBuildPhase;
			buildActionMask = 2147483647;
			files = (
			);
			inputPaths = (
				"${SRCROOT}/Pods/Target Support Files/Pods-Shahre Man/Pods-Shahre Man-frameworks.sh",
				"${BUILT_PRODUCTS_DIR}/Alamofire/Alamofire.framework",
				"${BUILT_PRODUCTS_DIR}/FSPagerView/FSPagerView.framework",
				"${BUILT_PRODUCTS_DIR}/ImageLoader/ImageLoader.framework",
				"${BUILT_PRODUCTS_DIR}/SwiftyJSON/SwiftyJSON.framework",
				"${BUILT_PRODUCTS_DIR}/TTGSnackbar/TTGSnackbar.framework",
			);
			name = "[CP] Embed Pods Frameworks";
			outputPaths = (
				"${TARGET_BUILD_DIR}/${FRAMEWORKS_FOLDER_PATH}/Alamofire.framework",
				"${TARGET_BUILD_DIR}/${FRAMEWORKS_FOLDER_PATH}/FSPagerView.framework",
				"${TARGET_BUILD_DIR}/${FRAMEWORKS_FOLDER_PATH}/ImageLoader.framework",
				"${TARGET_BUILD_DIR}/${FRAMEWORKS_FOLDER_PATH}/SwiftyJSON.framework",
				"${TARGET_BUILD_DIR}/${FRAMEWORKS_FOLDER_PATH}/TTGSnackbar.framework",
			);
			runOnlyForDeploymentPostprocessing = 0;
			shellPath = /bin/sh;
			shellScript = "\"${SRCROOT}/Pods/Target Support Files/Pods-Shahre Man/Pods-Shahre Man-frameworks.sh\"\n";
			showEnvVarsInLog = 0;
		};
/* End PBXShellScriptBuildPhase section */

/* Begin PBXSourcesBuildPhase section */
		7E05F042202D983B00BDFBA5 /* Sources */ = {
			isa = PBXSourcesBuildPhase;
			buildActionMask = 2147483647;
			files = (
				7EBED82D202DCF18009A1FB3 /* BaseViewController.swift in Sources */,
				7E615698202E533600E60611 /* UICircleImageView.swift in Sources */,
				7E61568F202E43E200E60611 /* Storage.swift in Sources */,
				7E810BC0203F4DDA00358E69 /* PlansViewController.swift in Sources */,
				7EB4FC86203D4CD900E86687 /* AccountNotifyDelegate.swift in Sources */,
				7E615686202E03BB00E60611 /* DashboardViewController.swift in Sources */,
				7E61568B202E2F6B00E60611 /* HomeTabViewController copy.swift in Sources */,
				7E7B4E62202DAA0200FA280D /* Controller.swift in Sources */,
				7E07760D202F994F00427607 /* AuthCallback.swift in Sources */,
				7EBED833202DD8A1009A1FB3 /* CityCell.swift in Sources */,
				7E428CC820349438007CED56 /* BuisinessCallback.swift in Sources */,
				7E7B4E66202DAB6500FA280D /* InitializeController.swift in Sources */,
				7E7B4E5C202D9AA700FA280D /* Data.swift in Sources */,
				7E7B4E5A202D99FC00FA280D /* Model.swift in Sources */,
				7EBED82F202DD7B2009A1FB3 /* SelectCityModalViewController.swift in Sources */,
				7E0775FE202EE46100427607 /* PagerCell.swift in Sources */,
				7E7B4E68202DAF2500FA280D /* InitializeCallback.swift in Sources */,
				7E810BC4203FEF1800358E69 /* RegisterBuisinessModalViewController.swift in Sources */,
				7E7B4E60202DA09800FA280D /* Slider.swift in Sources */,
				7E7B4E57202D99D100FA280D /* RequestCallback.swift in Sources */,
				7E428CCA20349ECA007CED56 /* Profile.swift in Sources */,
				7E810BC6203FFA3900358E69 /* SelectPlanModalViewController.swift in Sources */,
				7E7B4E58202D99D100FA280D /* Request.swift in Sources */,
				7E428CC2203490EE007CED56 /* Plan.swift in Sources */,
				7E05F04C202D983B00BDFBA5 /* SplashViewController.swift in Sources */,
				7E077606202F25D800427607 /* ContactController.swift in Sources */,
				7E171E0E203DC31000A4F2D0 /* UIPrettyButton.swift in Sources */,
				7E05F04A202D983B00BDFBA5 /* AppDelegate.swift in Sources */,
				7E7B4E64202DAA4500FA280D /* APIs.swift in Sources */,
				7EB4FC7C203C1A8F00E86687 /* UIIndicatorAlert.swift in Sources */,
				7EB4FC84203C61F700E86687 /* LoginModalViewController.swift in Sources */,
				7E810BBC203F497800358E69 /* PlansCell.swift in Sources */,
				7EBED837202DF872009A1FB3 /* Excention.swift in Sources */,
				7E171E14203DE1E600A4F2D0 /* ItemMenu.swift in Sources */,
				7E61569A202E56C600E60611 /* DataCell.swift in Sources */,
				7E7B4E5E202D9E9800FA280D /* City.swift in Sources */,
				7E171E16203DE33C00A4F2D0 /* MenuCell.swift in Sources */,
				7E077604202F0D2300427607 /* ContactUsViewController.swift in Sources */,
				7E077608202F8ADF00427607 /* AccountTabViewController.swift in Sources */,
				7E07760B202F980800427607 /* AuthController.swift in Sources */,
				7EB4FC82203C4C4600E86687 /* RegisterModalViewController.swift in Sources */,
				7E61568D202E414B00E60611 /* DataResource.swift in Sources */,
				7E615689202E2A9700E60611 /* SearchTabViewController.swift in Sources */,
				7E428CC620349420007CED56 /* BuisinessController.swift in Sources */,
				7EBED835202DEDCE009A1FB3 /* BaseModalViewController.swift in Sources */,
			);
			runOnlyForDeploymentPostprocessing = 0;
		};
		7E05F056202D983B00BDFBA5 /* Sources */ = {
			isa = PBXSourcesBuildPhase;
			buildActionMask = 2147483647;
			files = (
				7E05F05F202D983B00BDFBA5 /* Shahre_ManTests.swift in Sources */,
			);
			runOnlyForDeploymentPostprocessing = 0;
		};
		7E05F061202D983B00BDFBA5 /* Sources */ = {
			isa = PBXSourcesBuildPhase;
			buildActionMask = 2147483647;
			files = (
				7E05F06A202D983B00BDFBA5 /* Shahre_ManUITests.swift in Sources */,
			);
			runOnlyForDeploymentPostprocessing = 0;
		};
/* End PBXSourcesBuildPhase section */

/* Begin PBXTargetDependency section */
		7E05F05C202D983B00BDFBA5 /* PBXTargetDependency */ = {
			isa = PBXTargetDependency;
			target = 7E05F045202D983B00BDFBA5 /* Shahre Man */;
			targetProxy = 7E05F05B202D983B00BDFBA5 /* PBXContainerItemProxy */;
		};
		7E05F067202D983B00BDFBA5 /* PBXTargetDependency */ = {
			isa = PBXTargetDependency;
			target = 7E05F045202D983B00BDFBA5 /* Shahre Man */;
			targetProxy = 7E05F066202D983B00BDFBA5 /* PBXContainerItemProxy */;
		};
/* End PBXTargetDependency section */

/* Begin PBXVariantGroup section */
		7E05F04D202D983B00BDFBA5 /* Main.storyboard */ = {
			isa = PBXVariantGroup;
			children = (
				7E05F04E202D983B00BDFBA5 /* Base */,
			);
			name = Main.storyboard;
			sourceTree = "<group>";
		};
/* End PBXVariantGroup section */

/* Begin XCBuildConfiguration section */
		7E05F06C202D983B00BDFBA5 /* Debug */ = {
			isa = XCBuildConfiguration;
			buildSettings = {
				ALWAYS_SEARCH_USER_PATHS = NO;
				CLANG_ANALYZER_NONNULL = YES;
				CLANG_ANALYZER_NUMBER_OBJECT_CONVERSION = YES_AGGRESSIVE;
				CLANG_CXX_LANGUAGE_STANDARD = "gnu++14";
				CLANG_CXX_LIBRARY = "libc++";
				CLANG_ENABLE_MODULES = YES;
				CLANG_ENABLE_OBJC_ARC = YES;
				CLANG_WARN_BLOCK_CAPTURE_AUTORELEASING = YES;
				CLANG_WARN_BOOL_CONVERSION = YES;
				CLANG_WARN_COMMA = YES;
				CLANG_WARN_CONSTANT_CONVERSION = YES;
				CLANG_WARN_DIRECT_OBJC_ISA_USAGE = YES_ERROR;
				CLANG_WARN_DOCUMENTATION_COMMENTS = YES;
				CLANG_WARN_EMPTY_BODY = YES;
				CLANG_WARN_ENUM_CONVERSION = YES;
				CLANG_WARN_INFINITE_RECURSION = YES;
				CLANG_WARN_INT_CONVERSION = YES;
				CLANG_WARN_NON_LITERAL_NULL_CONVERSION = YES;
				CLANG_WARN_OBJC_LITERAL_CONVERSION = YES;
				CLANG_WARN_OBJC_ROOT_CLASS = YES_ERROR;
				CLANG_WARN_RANGE_LOOP_ANALYSIS = YES;
				CLANG_WARN_STRICT_PROTOTYPES = YES;
				CLANG_WARN_SUSPICIOUS_MOVE = YES;
				CLANG_WARN_UNGUARDED_AVAILABILITY = YES_AGGRESSIVE;
				CLANG_WARN_UNREACHABLE_CODE = YES;
				CLANG_WARN__DUPLICATE_METHOD_MATCH = YES;
				CODE_SIGN_IDENTITY = "iPhone Developer";
				COPY_PHASE_STRIP = NO;
				DEBUG_INFORMATION_FORMAT = dwarf;
				ENABLE_STRICT_OBJC_MSGSEND = YES;
				ENABLE_TESTABILITY = YES;
				GCC_C_LANGUAGE_STANDARD = gnu11;
				GCC_DYNAMIC_NO_PIC = NO;
				GCC_NO_COMMON_BLOCKS = YES;
				GCC_OPTIMIZATION_LEVEL = 0;
				GCC_PREPROCESSOR_DEFINITIONS = (
					"DEBUG=1",
					"$(inherited)",
				);
				GCC_WARN_64_TO_32_BIT_CONVERSION = YES;
				GCC_WARN_ABOUT_RETURN_TYPE = YES_ERROR;
				GCC_WARN_UNDECLARED_SELECTOR = YES;
				GCC_WARN_UNINITIALIZED_AUTOS = YES_AGGRESSIVE;
				GCC_WARN_UNUSED_FUNCTION = YES;
				GCC_WARN_UNUSED_VARIABLE = YES;
				IPHONEOS_DEPLOYMENT_TARGET = 11.2;
				MTL_ENABLE_DEBUG_INFO = YES;
				ONLY_ACTIVE_ARCH = YES;
				SDKROOT = iphoneos;
				SWIFT_ACTIVE_COMPILATION_CONDITIONS = DEBUG;
				SWIFT_OPTIMIZATION_LEVEL = "-Onone";
			};
			name = Debug;
		};
		7E05F06D202D983B00BDFBA5 /* Release */ = {
			isa = XCBuildConfiguration;
			buildSettings = {
				ALWAYS_SEARCH_USER_PATHS = NO;
				CLANG_ANALYZER_NONNULL = YES;
				CLANG_ANALYZER_NUMBER_OBJECT_CONVERSION = YES_AGGRESSIVE;
				CLANG_CXX_LANGUAGE_STANDARD = "gnu++14";
				CLANG_CXX_LIBRARY = "libc++";
				CLANG_ENABLE_MODULES = YES;
				CLANG_ENABLE_OBJC_ARC = YES;
				CLANG_WARN_BLOCK_CAPTURE_AUTORELEASING = YES;
				CLANG_WARN_BOOL_CONVERSION = YES;
				CLANG_WARN_COMMA = YES;
				CLANG_WARN_CONSTANT_CONVERSION = YES;
				CLANG_WARN_DIRECT_OBJC_ISA_USAGE = YES_ERROR;
				CLANG_WARN_DOCUMENTATION_COMMENTS = YES;
				CLANG_WARN_EMPTY_BODY = YES;
				CLANG_WARN_ENUM_CONVERSION = YES;
				CLANG_WARN_INFINITE_RECURSION = YES;
				CLANG_WARN_INT_CONVERSION = YES;
				CLANG_WARN_NON_LITERAL_NULL_CONVERSION = YES;
				CLANG_WARN_OBJC_LITERAL_CONVERSION = YES;
				CLANG_WARN_OBJC_ROOT_CLASS = YES_ERROR;
				CLANG_WARN_RANGE_LOOP_ANALYSIS = YES;
				CLANG_WARN_STRICT_PROTOTYPES = YES;
				CLANG_WARN_SUSPICIOUS_MOVE = YES;
				CLANG_WARN_UNGUARDED_AVAILABILITY = YES_AGGRESSIVE;
				CLANG_WARN_UNREACHABLE_CODE = YES;
				CLANG_WARN__DUPLICATE_METHOD_MATCH = YES;
				CODE_SIGN_IDENTITY = "iPhone Developer";
				COPY_PHASE_STRIP = NO;
				DEBUG_INFORMATION_FORMAT = "dwarf-with-dsym";
				ENABLE_NS_ASSERTIONS = NO;
				ENABLE_STRICT_OBJC_MSGSEND = YES;
				GCC_C_LANGUAGE_STANDARD = gnu11;
				GCC_NO_COMMON_BLOCKS = YES;
				GCC_WARN_64_TO_32_BIT_CONVERSION = YES;
				GCC_WARN_ABOUT_RETURN_TYPE = YES_ERROR;
				GCC_WARN_UNDECLARED_SELECTOR = YES;
				GCC_WARN_UNINITIALIZED_AUTOS = YES_AGGRESSIVE;
				GCC_WARN_UNUSED_FUNCTION = YES;
				GCC_WARN_UNUSED_VARIABLE = YES;
				IPHONEOS_DEPLOYMENT_TARGET = 11.2;
				MTL_ENABLE_DEBUG_INFO = NO;
				SDKROOT = iphoneos;
				SWIFT_OPTIMIZATION_LEVEL = "-Owholemodule";
				VALIDATE_PRODUCT = YES;
			};
			name = Release;
		};
		7E05F06F202D983B00BDFBA5 /* Debug */ = {
			isa = XCBuildConfiguration;
			baseConfigurationReference = 809C13BF7167435FA1AC047D /* Pods-Shahre Man.debug.xcconfig */;
			buildSettings = {
				ASSETCATALOG_COMPILER_APPICON_NAME = AppIcon;
				ASSETCATALOG_COMPILER_LAUNCHIMAGE_NAME = LaunchImage;
				CODE_SIGN_STYLE = Automatic;
				DEVELOPMENT_TEAM = 449AS843ZC;
				INFOPLIST_FILE = "Shahre Man/Info.plist";
				IPHONEOS_DEPLOYMENT_TARGET = 10.0;
				LD_RUNPATH_SEARCH_PATHS = "$(inherited) @executable_path/Frameworks";
				PRODUCT_BUNDLE_IDENTIFIER = city.shahreman.app;
				PRODUCT_NAME = "$(TARGET_NAME)";
				SWIFT_VERSION = 4.0;
				TARGETED_DEVICE_FAMILY = "1,2";
			};
			name = Debug;
		};
		7E05F070202D983B00BDFBA5 /* Release */ = {
			isa = XCBuildConfiguration;
			baseConfigurationReference = 1CC7A67EF4F3BADA6AA99C46 /* Pods-Shahre Man.release.xcconfig */;
			buildSettings = {
				ASSETCATALOG_COMPILER_APPICON_NAME = AppIcon;
				ASSETCATALOG_COMPILER_LAUNCHIMAGE_NAME = LaunchImage;
				CODE_SIGN_STYLE = Automatic;
				DEVELOPMENT_TEAM = 449AS843ZC;
				INFOPLIST_FILE = "Shahre Man/Info.plist";
				IPHONEOS_DEPLOYMENT_TARGET = 10.0;
				LD_RUNPATH_SEARCH_PATHS = "$(inherited) @executable_path/Frameworks";
				PRODUCT_BUNDLE_IDENTIFIER = city.shahreman.app;
				PRODUCT_NAME = "$(TARGET_NAME)";
				SWIFT_VERSION = 4.0;
				TARGETED_DEVICE_FAMILY = "1,2";
			};
			name = Release;
		};
		7E05F072202D983B00BDFBA5 /* Debug */ = {
			isa = XCBuildConfiguration;
			baseConfigurationReference = A26382721E5FA125417C126D /* Pods-Shahre ManTests.debug.xcconfig */;
			buildSettings = {
				ALWAYS_EMBED_SWIFT_STANDARD_LIBRARIES = YES;
				BUNDLE_LOADER = "$(TEST_HOST)";
				CODE_SIGN_STYLE = Automatic;
				INFOPLIST_FILE = "Shahre ManTests/Info.plist";
				LD_RUNPATH_SEARCH_PATHS = "$(inherited) @executable_path/Frameworks @loader_path/Frameworks";
				PRODUCT_BUNDLE_IDENTIFIER = "city.shahreman.app.Shahre-ManTests";
				PRODUCT_NAME = "$(TARGET_NAME)";
				SWIFT_VERSION = 4.0;
				TARGETED_DEVICE_FAMILY = "1,2";
				TEST_HOST = "$(BUILT_PRODUCTS_DIR)/Shahre Man.app/Shahre Man";
			};
			name = Debug;
		};
		7E05F073202D983B00BDFBA5 /* Release */ = {
			isa = XCBuildConfiguration;
			baseConfigurationReference = A69846A8B0DF9B5174B85A5D /* Pods-Shahre ManTests.release.xcconfig */;
			buildSettings = {
				ALWAYS_EMBED_SWIFT_STANDARD_LIBRARIES = YES;
				BUNDLE_LOADER = "$(TEST_HOST)";
				CODE_SIGN_STYLE = Automatic;
				INFOPLIST_FILE = "Shahre ManTests/Info.plist";
				LD_RUNPATH_SEARCH_PATHS = "$(inherited) @executable_path/Frameworks @loader_path/Frameworks";
				PRODUCT_BUNDLE_IDENTIFIER = "city.shahreman.app.Shahre-ManTests";
				PRODUCT_NAME = "$(TARGET_NAME)";
				SWIFT_VERSION = 4.0;
				TARGETED_DEVICE_FAMILY = "1,2";
				TEST_HOST = "$(BUILT_PRODUCTS_DIR)/Shahre Man.app/Shahre Man";
			};
			name = Release;
		};
		7E05F075202D983B00BDFBA5 /* Debug */ = {
			isa = XCBuildConfiguration;
			baseConfigurationReference = D6F816F7F9F8356FBE801970 /* Pods-Shahre ManUITests.debug.xcconfig */;
			buildSettings = {
				ALWAYS_EMBED_SWIFT_STANDARD_LIBRARIES = YES;
				CODE_SIGN_STYLE = Automatic;
				INFOPLIST_FILE = "Shahre ManUITests/Info.plist";
				LD_RUNPATH_SEARCH_PATHS = "$(inherited) @executable_path/Frameworks @loader_path/Frameworks";
				PRODUCT_BUNDLE_IDENTIFIER = "city.shahreman.app.Shahre-ManUITests";
				PRODUCT_NAME = "$(TARGET_NAME)";
				SWIFT_VERSION = 4.0;
				TARGETED_DEVICE_FAMILY = "1,2";
				TEST_TARGET_NAME = "Shahre Man";
			};
			name = Debug;
		};
		7E05F076202D983B00BDFBA5 /* Release */ = {
			isa = XCBuildConfiguration;
			baseConfigurationReference = 6A002660A458FC41296C262D /* Pods-Shahre ManUITests.release.xcconfig */;
			buildSettings = {
				ALWAYS_EMBED_SWIFT_STANDARD_LIBRARIES = YES;
				CODE_SIGN_STYLE = Automatic;
				INFOPLIST_FILE = "Shahre ManUITests/Info.plist";
				LD_RUNPATH_SEARCH_PATHS = "$(inherited) @executable_path/Frameworks @loader_path/Frameworks";
				PRODUCT_BUNDLE_IDENTIFIER = "city.shahreman.app.Shahre-ManUITests";
				PRODUCT_NAME = "$(TARGET_NAME)";
				SWIFT_VERSION = 4.0;
				TARGETED_DEVICE_FAMILY = "1,2";
				TEST_TARGET_NAME = "Shahre Man";
			};
			name = Release;
		};
/* End XCBuildConfiguration section */

/* Begin XCConfigurationList section */
		7E05F041202D983B00BDFBA5 /* Build configuration list for PBXProject "Shahre Man" */ = {
			isa = XCConfigurationList;
			buildConfigurations = (
				7E05F06C202D983B00BDFBA5 /* Debug */,
				7E05F06D202D983B00BDFBA5 /* Release */,
			);
			defaultConfigurationIsVisible = 0;
			defaultConfigurationName = Release;
		};
		7E05F06E202D983B00BDFBA5 /* Build configuration list for PBXNativeTarget "Shahre Man" */ = {
			isa = XCConfigurationList;
			buildConfigurations = (
				7E05F06F202D983B00BDFBA5 /* Debug */,
				7E05F070202D983B00BDFBA5 /* Release */,
			);
			defaultConfigurationIsVisible = 0;
			defaultConfigurationName = Release;
		};
		7E05F071202D983B00BDFBA5 /* Build configuration list for PBXNativeTarget "Shahre ManTests" */ = {
			isa = XCConfigurationList;
			buildConfigurations = (
				7E05F072202D983B00BDFBA5 /* Debug */,
				7E05F073202D983B00BDFBA5 /* Release */,
			);
			defaultConfigurationIsVisible = 0;
			defaultConfigurationName = Release;
		};
		7E05F074202D983B00BDFBA5 /* Build configuration list for PBXNativeTarget "Shahre ManUITests" */ = {
			isa = XCConfigurationList;
			buildConfigurations = (
				7E05F075202D983B00BDFBA5 /* Debug */,
				7E05F076202D983B00BDFBA5 /* Release */,
			);
			defaultConfigurationIsVisible = 0;
			defaultConfigurationName = Release;
		};
/* End XCConfigurationList section */
	};
	rootObject = 7E05F03E202D983B00BDFBA5 /* Project object */;
}
