// !$*UTF8*$!
{
	archiveVersion = 1;
	classes = {
	};
	objectVersion = 48;
	objects = {

/* Begin PBXBuildFile section */
		7E05F04A202D983B00BDFBA5 /* AppDelegate.swift in Sources */ = {isa = PBXBuildFile; fileRef = 7E05F049202D983B00BDFBA5 /* AppDelegate.swift */; };
		7E05F04C202D983B00BDFBA5 /* ViewController.swift in Sources */ = {isa = PBXBuildFile; fileRef = 7E05F04B202D983B00BDFBA5 /* ViewController.swift */; };
		7E05F04F202D983B00BDFBA5 /* Main.storyboard in Resources */ = {isa = PBXBuildFile; fileRef = 7E05F04D202D983B00BDFBA5 /* Main.storyboard */; };
		7E05F051202D983B00BDFBA5 /* Assets.xcassets in Resources */ = {isa = PBXBuildFile; fileRef = 7E05F050202D983B00BDFBA5 /* Assets.xcassets */; };
		7E05F054202D983B00BDFBA5 /* LaunchScreen.storyboard in Resources */ = {isa = PBXBuildFile; fileRef = 7E05F052202D983B00BDFBA5 /* LaunchScreen.storyboard */; };
		7E05F05F202D983B00BDFBA5 /* Shahre_ManTests.swift in Sources */ = {isa = PBXBuildFile; fileRef = 7E05F05E202D983B00BDFBA5 /* Shahre_ManTests.swift */; };
		7E05F06A202D983B00BDFBA5 /* Shahre_ManUITests.swift in Sources */ = {isa = PBXBuildFile; fileRef = 7E05F069202D983B00BDFBA5 /* Shahre_ManUITests.swift */; };
/* End PBXBuildFile section */

/* Begin PBXContainerItemProxy section */
		7E05F05B202D983B00BDFBA5 /* PBXContainerItemProxy */ = {
			isa = PBXContainerItemProxy;
			containerPortal = 7E05F03E202D983B00BDFBA5 /* Project object */;
			proxyType = 1;
			remoteGlobalIDString = 7E05F045202D983B00BDFBA5;
			remoteInfo = "Shahre Man";
		};
		7E05F066202D983B00BDFBA5 /* PBXContainerItemProxy */ = {
			isa = PBXContainerItemProxy;
			containerPortal = 7E05F03E202D983B00BDFBA5 /* Project object */;
			proxyType = 1;
			remoteGlobalIDString = 7E05F045202D983B00BDFBA5;
			remoteInfo = "Shahre Man";
		};
/* End PBXContainerItemProxy section */

/* Begin PBXFileReference section */
		7E05F046202D983B00BDFBA5 /* Shahre Man.app */ = {isa = PBXFileReference; explicitFileType = wrapper.application; includeInIndex = 0; path = "Shahre Man.app"; sourceTree = BUILT_PRODUCTS_DIR; };
		7E05F049202D983B00BDFBA5 /* AppDelegate.swift */ = {isa = PBXFileReference; lastKnownFileType = sourcecode.swift; path = AppDelegate.swift; sourceTree = "<group>"; };
		7E05F04B202D983B00BDFBA5 /* ViewController.swift */ = {isa = PBXFileReference; lastKnownFileType = sourcecode.swift; path = ViewController.swift; sourceTree = "<group>"; };
		7E05F04E202D983B00BDFBA5 /* Base */ = {isa = PBXFileReference; lastKnownFileType = file.storyboard; name = Base; path = Base.lproj/Main.storyboard; sourceTree = "<group>"; };
		7E05F050202D983B00BDFBA5 /* Assets.xcassets */ = {isa = PBXFileReference; lastKnownFileType = folder.assetcatalog; path = Assets.xcassets; sourceTree = "<group>"; };
		7E05F053202D983B00BDFBA5 /* Base */ = {isa = PBXFileReference; lastKnownFileType = file.storyboard; name = Base; path = Base.lproj/LaunchScreen.storyboard; sourceTree = "<group>"; };
		7E05F055202D983B00BDFBA5 /* Info.plist */ = {isa = PBXFileReference; lastKnownFileType = text.plist.xml; path = Info.plist; sourceTree = "<group>"; };
		7E05F05A202D983B00BDFBA5 /* Shahre ManTests.xctest */ = {isa = PBXFileReference; explicitFileType = wrapper.cfbundle; includeInIndex = 0; path = "Shahre ManTests.xctest"; sourceTree = BUILT_PRODUCTS_DIR; };
		7E05F05E202D983B00BDFBA5 /* Shahre_ManTests.swift */ = {isa = PBXFileReference; lastKnownFileType = sourcecode.swift; path = Shahre_ManTests.swift; sourceTree = "<group>"; };
		7E05F060202D983B00BDFBA5 /* Info.plist */ = {isa = PBXFileReference; lastKnownFileType = text.plist.xml; path = Info.plist; sourceTree = "<group>"; };
		7E05F065202D983B00BDFBA5 /* Shahre ManUITests.xctest */ = {isa = PBXFileReference; explicitFileType = wrapper.cfbundle; includeInIndex = 0; path = "Shahre ManUITests.xctest"; sourceTree = BUILT_PRODUCTS_DIR; };
		7E05F069202D983B00BDFBA5 /* Shahre_ManUITests.swift */ = {isa = PBXFileReference; lastKnownFileType = sourcecode.swift; path = Shahre_ManUITests.swift; sourceTree = "<group>"; };
		7E05F06B202D983B00BDFBA5 /* Info.plist */ = {isa = PBXFileReference; lastKnownFileType = text.plist.xml; path = Info.plist; sourceTree = "<group>"; };
/* End PBXFileReference section */

/* Begin PBXFrameworksBuildPhase section */
		7E05F043202D983B00BDFBA5 /* Frameworks */ = {
			isa = PBXFrameworksBuildPhase;
			buildActionMask = 2147483647;
			files = (
			);
			runOnlyForDeploymentPostprocessing = 0;
		};
		7E05F057202D983B00BDFBA5 /* Frameworks */ = {
			isa = PBXFrameworksBuildPhase;
			buildActionMask = 2147483647;
			files = (
			);
			runOnlyForDeploymentPostprocessing = 0;
		};
		7E05F062202D983B00BDFBA5 /* Frameworks */ = {
			isa = PBXFrameworksBuildPhase;
			buildActionMask = 2147483647;
			files = (
			);
			runOnlyForDeploymentPostprocessing = 0;
		};
/* End PBXFrameworksBuildPhase section */

/* Begin PBXGroup section */
		7E05F03D202D983B00BDFBA5 = {
			isa = PBXGroup;
			children = (
				7E05F048202D983B00BDFBA5 /* Shahre Man */,
				7E05F05D202D983B00BDFBA5 /* Shahre ManTests */,
				7E05F068202D983B00BDFBA5 /* Shahre ManUITests */,
				7E05F047202D983B00BDFBA5 /* Products */,
			);
			sourceTree = "<group>";
		};
		7E05F047202D983B00BDFBA5 /* Products */ = {
			isa = PBXGroup;
			children = (
				7E05F046202D983B00BDFBA5 /* Shahre Man.app */,
				7E05F05A202D983B00BDFBA5 /* Shahre ManTests.xctest */,
				7E05F065202D983B00BDFBA5 /* Shahre ManUITests.xctest */,
			);
			name = Products;
			sourceTree = "<group>";
		};
		7E05F048202D983B00BDFBA5 /* Shahre Man */ = {
			isa = PBXGroup;
			children = (
				7E05F049202D983B00BDFBA5 /* AppDelegate.swift */,
				7E05F04B202D983B00BDFBA5 /* ViewController.swift */,
				7E05F04D202D983B00BDFBA5 /* Main.storyboard */,
				7E05F050202D983B00BDFBA5 /* Assets.xcassets */,
				7E05F052202D983B00BDFBA5 /* LaunchScreen.storyboard */,
				7E05F055202D983B00BDFBA5 /* Info.plist */,
			);
			path = "Shahre Man";
			sourceTree = "<group>";
		};
		7E05F05D202D983B00BDFBA5 /* Shahre ManTests */ = {
			isa = PBXGroup;
			children = (
				7E05F05E202D983B00BDFBA5 /* Shahre_ManTests.swift */,
				7E05F060202D983B00BDFBA5 /* Info.plist */,
			);
			path = "Shahre ManTests";
			sourceTree = "<group>";
		};
		7E05F068202D983B00BDFBA5 /* Shahre ManUITests */ = {
			isa = PBXGroup;
			children = (
				7E05F069202D983B00BDFBA5 /* Shahre_ManUITests.swift */,
				7E05F06B202D983B00BDFBA5 /* Info.plist */,
			);
			path = "Shahre ManUITests";
			sourceTree = "<group>";
		};
/* End PBXGroup section */

/* Begin PBXNativeTarget section */
		7E05F045202D983B00BDFBA5 /* Shahre Man */ = {
			isa = PBXNativeTarget;
			buildConfigurationList = 7E05F06E202D983B00BDFBA5 /* Build configuration list for PBXNativeTarget "Shahre Man" */;
			buildPhases = (
				7E05F042202D983B00BDFBA5 /* Sources */,
				7E05F043202D983B00BDFBA5 /* Frameworks */,
				7E05F044202D983B00BDFBA5 /* Resources */,
			);
			buildRules = (
			);
			dependencies = (
			);
			name = "Shahre Man";
			productName = "Shahre Man";
			productReference = 7E05F046202D983B00BDFBA5 /* Shahre Man.app */;
			productType = "com.apple.product-type.application";
		};
		7E05F059202D983B00BDFBA5 /* Shahre ManTests */ = {
			isa = PBXNativeTarget;
			buildConfigurationList = 7E05F071202D983B00BDFBA5 /* Build configuration list for PBXNativeTarget "Shahre ManTests" */;
			buildPhases = (
				7E05F056202D983B00BDFBA5 /* Sources */,
				7E05F057202D983B00BDFBA5 /* Frameworks */,
				7E05F058202D983B00BDFBA5 /* Resources */,
			);
			buildRules = (
			);
			dependencies = (
				7E05F05C202D983B00BDFBA5 /* PBXTargetDependency */,
			);
			name = "Shahre ManTests";
			productName = "Shahre ManTests";
			productReference = 7E05F05A202D983B00BDFBA5 /* Shahre ManTests.xctest */;
			productType = "com.apple.product-type.bundle.unit-test";
		};
		7E05F064202D983B00BDFBA5 /* Shahre ManUITests */ = {
			isa = PBXNativeTarget;
			buildConfigurationList = 7E05F074202D983B00BDFBA5 /* Build configuration list for PBXNativeTarget "Shahre ManUITests" */;
			buildPhases = (
				7E05F061202D983B00BDFBA5 /* Sources */,
				7E05F062202D983B00BDFBA5 /* Frameworks */,
				7E05F063202D983B00BDFBA5 /* Resources */,
			);
			buildRules = (
			);
			dependencies = (
				7E05F067202D983B00BDFBA5 /* PBXTargetDependency */,
			);
			name = "Shahre ManUITests";
			productName = "Shahre ManUITests";
			productReference = 7E05F065202D983B00BDFBA5 /* Shahre ManUITests.xctest */;
			productType = "com.apple.product-type.bundle.ui-testing";
		};
/* End PBXNativeTarget section */

/* Begin PBXProject section */
		7E05F03E202D983B00BDFBA5 /* Project object */ = {
			isa = PBXProject;
			attributes = {
				LastSwiftUpdateCheck = 0920;
				LastUpgradeCheck = 0920;
				ORGANIZATIONNAME = ImanX;
				TargetAttributes = {
					7E05F045202D983B00BDFBA5 = {
						CreatedOnToolsVersion = 9.2;
						ProvisioningStyle = Automatic;
					};
					7E05F059202D983B00BDFBA5 = {
						CreatedOnToolsVersion = 9.2;
						ProvisioningStyle = Automatic;
						TestTargetID = 7E05F045202D983B00BDFBA5;
					};
					7E05F064202D983B00BDFBA5 = {
						CreatedOnToolsVersion = 9.2;
						ProvisioningStyle = Automatic;
						TestTargetID = 7E05F045202D983B00BDFBA5;
					};
				};
			};
			buildConfigurationList = 7E05F041202D983B00BDFBA5 /* Build configuration list for PBXProject "Shahre Man" */;
			compatibilityVersion = "Xcode 8.0";
			developmentRegion = en;
			hasScannedForEncodings = 0;
			knownRegions = (
				en,
				Base,
			);
			mainGroup = 7E05F03D202D983B00BDFBA5;
			productRefGroup = 7E05F047202D983B00BDFBA5 /* Products */;
			projectDirPath = "";
			projectRoot = "";
			targets = (
				7E05F045202D983B00BDFBA5 /* Shahre Man */,
				7E05F059202D983B00BDFBA5 /* Shahre ManTests */,
				7E05F064202D983B00BDFBA5 /* Shahre ManUITests */,
			);
		};
/* End PBXProject section */

/* Begin PBXResourcesBuildPhase section */
		7E05F044202D983B00BDFBA5 /* Resources */ = {
			isa = PBXResourcesBuildPhase;
			buildActionMask = 2147483647;
			files = (
				7E05F054202D983B00BDFBA5 /* LaunchScreen.storyboard in Resources */,
				7E05F051202D983B00BDFBA5 /* Assets.xcassets in Resources */,
				7E05F04F202D983B00BDFBA5 /* Main.storyboard in Resources */,
			);
			runOnlyForDeploymentPostprocessing = 0;
		};
		7E05F058202D983B00BDFBA5 /* Resources */ = {
			isa = PBXResourcesBuildPhase;
			buildActionMask = 2147483647;
			files = (
			);
			runOnlyForDeploymentPostprocessing = 0;
		};
		7E05F063202D983B00BDFBA5 /* Resources */ = {
			isa = PBXResourcesBuildPhase;
			buildActionMask = 2147483647;
			files = (
			);
			runOnlyForDeploymentPostprocessing = 0;
		};
/* End PBXResourcesBuildPhase section */

/* Begin PBXSourcesBuildPhase section */
		7E05F042202D983B00BDFBA5 /* Sources */ = {
			isa = PBXSourcesBuildPhase;
			buildActionMask = 2147483647;
			files = (
				7E05F04C202D983B00BDFBA5 /* ViewController.swift in Sources */,
				7E05F04A202D983B00BDFBA5 /* AppDelegate.swift in Sources */,
			);
			runOnlyForDeploymentPostprocessing = 0;
		};
		7E05F056202D983B00BDFBA5 /* Sources */ = {
			isa = PBXSourcesBuildPhase;
			buildActionMask = 2147483647;
			files = (
				7E05F05F202D983B00BDFBA5 /* Shahre_ManTests.swift in Sources */,
			);
			runOnlyForDeploymentPostprocessing = 0;
		};
		7E05F061202D983B00BDFBA5 /* Sources */ = {
			isa = PBXSourcesBuildPhase;
			buildActionMask = 2147483647;
			files = (
				7E05F06A202D983B00BDFBA5 /* Shahre_ManUITests.swift in Sources */,
			);
			runOnlyForDeploymentPostprocessing = 0;
		};
/* End PBXSourcesBuildPhase section */

/* Begin PBXTargetDependency section */
		7E05F05C202D983B00BDFBA5 /* PBXTargetDependency */ = {
			isa = PBXTargetDependency;
			target = 7E05F045202D983B00BDFBA5 /* Shahre Man */;
			targetProxy = 7E05F05B202D983B00BDFBA5 /* PBXContainerItemProxy */;
		};
		7E05F067202D983B00BDFBA5 /* PBXTargetDependency */ = {
			isa = PBXTargetDependency;
			target = 7E05F045202D983B00BDFBA5 /* Shahre Man */;
			targetProxy = 7E05F066202D983B00BDFBA5 /* PBXContainerItemProxy */;
		};
/* End PBXTargetDependency section */

/* Begin PBXVariantGroup section */
		7E05F04D202D983B00BDFBA5 /* Main.storyboard */ = {
			isa = PBXVariantGroup;
			children = (
				7E05F04E202D983B00BDFBA5 /* Base */,
			);
			name = Main.storyboard;
			sourceTree = "<group>";
		};
		7E05F052202D983B00BDFBA5 /* LaunchScreen.storyboard */ = {
			isa = PBXVariantGroup;
			children = (
				7E05F053202D983B00BDFBA5 /* Base */,
			);
			name = LaunchScreen.storyboard;
			sourceTree = "<group>";
		};
/* End PBXVariantGroup section */

/* Begin XCBuildConfiguration section */
		7E05F06C202D983B00BDFBA5 /* Debug */ = {
			isa = XCBuildConfiguration;
			buildSettings = {
				ALWAYS_SEARCH_USER_PATHS = NO;
				CLANG_ANALYZER_NONNULL = YES;
				CLANG_ANALYZER_NUMBER_OBJECT_CONVERSION = YES_AGGRESSIVE;
				CLANG_CXX_LANGUAGE_STANDARD = "gnu++14";
				CLANG_CXX_LIBRARY = "libc++";
				CLANG_ENABLE_MODULES = YES;
				CLANG_ENABLE_OBJC_ARC = YES;
				CLANG_WARN_BLOCK_CAPTURE_AUTORELEASING = YES;
				CLANG_WARN_BOOL_CONVERSION = YES;
				CLANG_WARN_COMMA = YES;
				CLANG_WARN_CONSTANT_CONVERSION = YES;
				CLANG_WARN_DIRECT_OBJC_ISA_USAGE = YES_ERROR;
				CLANG_WARN_DOCUMENTATION_COMMENTS = YES;
				CLANG_WARN_EMPTY_BODY = YES;
				CLANG_WARN_ENUM_CONVERSION = YES;
				CLANG_WARN_INFINITE_RECURSION = YES;
				CLANG_WARN_INT_CONVERSION = YES;
				CLANG_WARN_NON_LITERAL_NULL_CONVERSION = YES;
				CLANG_WARN_OBJC_LITERAL_CONVERSION = YES;
				CLANG_WARN_OBJC_ROOT_CLASS = YES_ERROR;
				CLANG_WARN_RANGE_LOOP_ANALYSIS = YES;
				CLANG_WARN_STRICT_PROTOTYPES = YES;
				CLANG_WARN_SUSPICIOUS_MOVE = YES;
				CLANG_WARN_UNGUARDED_AVAILABILITY = YES_AGGRESSIVE;
				CLANG_WARN_UNREACHABLE_CODE = YES;
				CLANG_WARN__DUPLICATE_METHOD_MATCH = YES;
				CODE_SIGN_IDENTITY = "iPhone Developer";
				COPY_PHASE_STRIP = NO;
				DEBUG_INFORMATION_FORMAT = dwarf;
				ENABLE_STRICT_OBJC_MSGSEND = YES;
				ENABLE_TESTABILITY = YES;
				GCC_C_LANGUAGE_STANDARD = gnu11;
				GCC_DYNAMIC_NO_PIC = NO;
				GCC_NO_COMMON_BLOCKS = YES;
				GCC_OPTIMIZATION_LEVEL = 0;
				GCC_PREPROCESSOR_DEFINITIONS = (
					"DEBUG=1",
					"$(inherited)",
				);
				GCC_WARN_64_TO_32_BIT_CONVERSION = YES;
				GCC_WARN_ABOUT_RETURN_TYPE = YES_ERROR;
				GCC_WARN_UNDECLARED_SELECTOR = YES;
				GCC_WARN_UNINITIALIZED_AUTOS = YES_AGGRESSIVE;
				GCC_WARN_UNUSED_FUNCTION = YES;
				GCC_WARN_UNUSED_VARIABLE = YES;
				IPHONEOS_DEPLOYMENT_TARGET = 11.2;
				MTL_ENABLE_DEBUG_INFO = YES;
				ONLY_ACTIVE_ARCH = YES;
				SDKROOT = iphoneos;
				SWIFT_ACTIVE_COMPILATION_CONDITIONS = DEBUG;
				SWIFT_OPTIMIZATION_LEVEL = "-Onone";
			};
			name = Debug;
		};
		7E05F06D202D983B00BDFBA5 /* Release */ = {
			isa = XCBuildConfiguration;
			buildSettings = {
				ALWAYS_SEARCH_USER_PATHS = NO;
				CLANG_ANALYZER_NONNULL = YES;
				CLANG_ANALYZER_NUMBER_OBJECT_CONVERSION = YES_AGGRESSIVE;
				CLANG_CXX_LANGUAGE_STANDARD = "gnu++14";
				CLANG_CXX_LIBRARY = "libc++";
				CLANG_ENABLE_MODULES = YES;
				CLANG_ENABLE_OBJC_ARC = YES;
				CLANG_WARN_BLOCK_CAPTURE_AUTORELEASING = YES;
				CLANG_WARN_BOOL_CONVERSION = YES;
				CLANG_WARN_COMMA = YES;
				CLANG_WARN_CONSTANT_CONVERSION = YES;
				CLANG_WARN_DIRECT_OBJC_ISA_USAGE = YES_ERROR;
				CLANG_WARN_DOCUMENTATION_COMMENTS = YES;
				CLANG_WARN_EMPTY_BODY = YES;
				CLANG_WARN_ENUM_CONVERSION = YES;
				CLANG_WARN_INFINITE_RECURSION = YES;
				CLANG_WARN_INT_CONVERSION = YES;
				CLANG_WARN_NON_LITERAL_NULL_CONVERSION = YES;
				CLANG_WARN_OBJC_LITERAL_CONVERSION = YES;
				CLANG_WARN_OBJC_ROOT_CLASS = YES_ERROR;
				CLANG_WARN_RANGE_LOOP_ANALYSIS = YES;
				CLANG_WARN_STRICT_PROTOTYPES = YES;
				CLANG_WARN_SUSPICIOUS_MOVE = YES;
				CLANG_WARN_UNGUARDED_AVAILABILITY = YES_AGGRESSIVE;
				CLANG_WARN_UNREACHABLE_CODE = YES;
				CLANG_WARN__DUPLICATE_METHOD_MATCH = YES;
				CODE_SIGN_IDENTITY = "iPhone Developer";
				COPY_PHASE_STRIP = NO;
				DEBUG_INFORMATION_FORMAT = "dwarf-with-dsym";
				ENABLE_NS_ASSERTIONS = NO;
				ENABLE_STRICT_OBJC_MSGSEND = YES;
				GCC_C_LANGUAGE_STANDARD = gnu11;
				GCC_NO_COMMON_BLOCKS = YES;
				GCC_WARN_64_TO_32_BIT_CONVERSION = YES;
				GCC_WARN_ABOUT_RETURN_TYPE = YES_ERROR;
				GCC_WARN_UNDECLARED_SELECTOR = YES;
				GCC_WARN_UNINITIALIZED_AUTOS = YES_AGGRESSIVE;
				GCC_WARN_UNUSED_FUNCTION = YES;
				GCC_WARN_UNUSED_VARIABLE = YES;
				IPHONEOS_DEPLOYMENT_TARGET = 11.2;
				MTL_ENABLE_DEBUG_INFO = NO;
				SDKROOT = iphoneos;
				SWIFT_OPTIMIZATION_LEVEL = "-Owholemodule";
				VALIDATE_PRODUCT = YES;
			};
			name = Release;
		};
		7E05F06F202D983B00BDFBA5 /* Debug */ = {
			isa = XCBuildConfiguration;
			buildSettings = {
				ASSETCATALOG_COMPILER_APPICON_NAME = AppIcon;
				CODE_SIGN_STYLE = Automatic;
				INFOPLIST_FILE = "Shahre Man/Info.plist";
				LD_RUNPATH_SEARCH_PATHS = "$(inherited) @executable_path/Frameworks";
				PRODUCT_BUNDLE_IDENTIFIER = "city.shahreman.app.Shahre-Man";
				PRODUCT_NAME = "$(TARGET_NAME)";
				SWIFT_VERSION = 4.0;
				TARGETED_DEVICE_FAMILY = "1,2";
			};
			name = Debug;
		};
		7E05F070202D983B00BDFBA5 /* Release */ = {
			isa = XCBuildConfiguration;
			buildSettings = {
				ASSETCATALOG_COMPILER_APPICON_NAME = AppIcon;
				CODE_SIGN_STYLE = Automatic;
				INFOPLIST_FILE = "Shahre Man/Info.plist";
				LD_RUNPATH_SEARCH_PATHS = "$(inherited) @executable_path/Frameworks";
				PRODUCT_BUNDLE_IDENTIFIER = "city.shahreman.app.Shahre-Man";
				PRODUCT_NAME = "$(TARGET_NAME)";
				SWIFT_VERSION = 4.0;
				TARGETED_DEVICE_FAMILY = "1,2";
			};
			name = Release;
		};
		7E05F072202D983B00BDFBA5 /* Debug */ = {
			isa = XCBuildConfiguration;
			buildSettings = {
				ALWAYS_EMBED_SWIFT_STANDARD_LIBRARIES = YES;
				BUNDLE_LOADER = "$(TEST_HOST)";
				CODE_SIGN_STYLE = Automatic;
				INFOPLIST_FILE = "Shahre ManTests/Info.plist";
				LD_RUNPATH_SEARCH_PATHS = "$(inherited) @executable_path/Frameworks @loader_path/Frameworks";
				PRODUCT_BUNDLE_IDENTIFIER = "city.shahreman.app.Shahre-ManTests";
				PRODUCT_NAME = "$(TARGET_NAME)";
				SWIFT_VERSION = 4.0;
				TARGETED_DEVICE_FAMILY = "1,2";
				TEST_HOST = "$(BUILT_PRODUCTS_DIR)/Shahre Man.app/Shahre Man";
			};
			name = Debug;
		};
		7E05F073202D983B00BDFBA5 /* Release */ = {
			isa = XCBuildConfiguration;
			buildSettings = {
				ALWAYS_EMBED_SWIFT_STANDARD_LIBRARIES = YES;
				BUNDLE_LOADER = "$(TEST_HOST)";
				CODE_SIGN_STYLE = Automatic;
				INFOPLIST_FILE = "Shahre ManTests/Info.plist";
				LD_RUNPATH_SEARCH_PATHS = "$(inherited) @executable_path/Frameworks @loader_path/Frameworks";
				PRODUCT_BUNDLE_IDENTIFIER = "city.shahreman.app.Shahre-ManTests";
				PRODUCT_NAME = "$(TARGET_NAME)";
				SWIFT_VERSION = 4.0;
				TARGETED_DEVICE_FAMILY = "1,2";
				TEST_HOST = "$(BUILT_PRODUCTS_DIR)/Shahre Man.app/Shahre Man";
			};
			name = Release;
		};
		7E05F075202D983B00BDFBA5 /* Debug */ = {
			isa = XCBuildConfiguration;
			buildSettings = {
				ALWAYS_EMBED_SWIFT_STANDARD_LIBRARIES = YES;
				CODE_SIGN_STYLE = Automatic;
				INFOPLIST_FILE = "Shahre ManUITests/Info.plist";
				LD_RUNPATH_SEARCH_PATHS = "$(inherited) @executable_path/Frameworks @loader_path/Frameworks";
				PRODUCT_BUNDLE_IDENTIFIER = "city.shahreman.app.Shahre-ManUITests";
				PRODUCT_NAME = "$(TARGET_NAME)";
				SWIFT_VERSION = 4.0;
				TARGETED_DEVICE_FAMILY = "1,2";
				TEST_TARGET_NAME = "Shahre Man";
			};
			name = Debug;
		};
		7E05F076202D983B00BDFBA5 /* Release */ = {
			isa = XCBuildConfiguration;
			buildSettings = {
				ALWAYS_EMBED_SWIFT_STANDARD_LIBRARIES = YES;
				CODE_SIGN_STYLE = Automatic;
				INFOPLIST_FILE = "Shahre ManUITests/Info.plist";
				LD_RUNPATH_SEARCH_PATHS = "$(inherited) @executable_path/Frameworks @loader_path/Frameworks";
				PRODUCT_BUNDLE_IDENTIFIER = "city.shahreman.app.Shahre-ManUITests";
				PRODUCT_NAME = "$(TARGET_NAME)";
				SWIFT_VERSION = 4.0;
				TARGETED_DEVICE_FAMILY = "1,2";
				TEST_TARGET_NAME = "Shahre Man";
			};
			name = Release;
		};
/* End XCBuildConfiguration section */

/* Begin XCConfigurationList section */
		7E05F041202D983B00BDFBA5 /* Build configuration list for PBXProject "Shahre Man" */ = {
			isa = XCConfigurationList;
			buildConfigurations = (
				7E05F06C202D983B00BDFBA5 /* Debug */,
				7E05F06D202D983B00BDFBA5 /* Release */,
			);
			defaultConfigurationIsVisible = 0;
			defaultConfigurationName = Release;
		};
		7E05F06E202D983B00BDFBA5 /* Build configuration list for PBXNativeTarget "Shahre Man" */ = {
			isa = XCConfigurationList;
			buildConfigurations = (
				7E05F06F202D983B00BDFBA5 /* Debug */,
				7E05F070202D983B00BDFBA5 /* Release */,
			);
			defaultConfigurationIsVisible = 0;
			defaultConfigurationName = Release;
		};
		7E05F071202D983B00BDFBA5 /* Build configuration list for PBXNativeTarget "Shahre ManTests" */ = {
			isa = XCConfigurationList;
			buildConfigurations = (
				7E05F072202D983B00BDFBA5 /* Debug */,
				7E05F073202D983B00BDFBA5 /* Release */,
			);
			defaultConfigurationIsVisible = 0;
			defaultConfigurationName = Release;
		};
		7E05F074202D983B00BDFBA5 /* Build configuration list for PBXNativeTarget "Shahre ManUITests" */ = {
			isa = XCConfigurationList;
			buildConfigurations = (
				7E05F075202D983B00BDFBA5 /* Debug */,
				7E05F076202D983B00BDFBA5 /* Release */,
			);
			defaultConfigurationIsVisible = 0;
			defaultConfigurationName = Release;
		};
/* End XCConfigurationList section */
	};
	rootObject = 7E05F03E202D983B00BDFBA5 /* Project object */;
}
